// !$*UTF8*$!
{
	archiveVersion = 1;
	classes = {
	};
	objectVersion = 48;
	objects = {

/* Begin PBXBuildFile section */
		054816EE20B5DC80007642A0 /* AppDelegate.swift in Sources */ = {isa = PBXBuildFile; fileRef = 054816ED20B5DC80007642A0 /* AppDelegate.swift */; };
		054816F020B5DC80007642A0 /* ViewController.swift in Sources */ = {isa = PBXBuildFile; fileRef = 054816EF20B5DC80007642A0 /* ViewController.swift */; };
		054816F320B5DC80007642A0 /* Main.storyboard in Resources */ = {isa = PBXBuildFile; fileRef = 054816F120B5DC80007642A0 /* Main.storyboard */; };
		054816F520B5DC80007642A0 /* Assets.xcassets in Resources */ = {isa = PBXBuildFile; fileRef = 054816F420B5DC80007642A0 /* Assets.xcassets */; };
		054816F820B5DC80007642A0 /* LaunchScreen.storyboard in Resources */ = {isa = PBXBuildFile; fileRef = 054816F620B5DC80007642A0 /* LaunchScreen.storyboard */; };
		0548170E20B5DC81007642A0 /* basic_testingUITests.swift in Sources */ = {isa = PBXBuildFile; fileRef = 0548170D20B5DC81007642A0 /* basic_testingUITests.swift */; };
		0548171C20B5DD8B007642A0 /* NetworkTests.swift in Sources */ = {isa = PBXBuildFile; fileRef = 0548171B20B5DD8B007642A0 /* NetworkTests.swift */; };
		0548171F20B5DDCE007642A0 /* Networking.swift in Sources */ = {isa = PBXBuildFile; fileRef = 0548171E20B5DDCE007642A0 /* Networking.swift */; };
		0548172220B5E644007642A0 /* Ranking.swift in Sources */ = {isa = PBXBuildFile; fileRef = 0548172120B5E644007642A0 /* Ranking.swift */; };
		0548173020B5FC1E007642A0 /* Shop.swift in Sources */ = {isa = PBXBuildFile; fileRef = 0548172F20B5FC1E007642A0 /* Shop.swift */; };
		0548173220B5FDBA007642A0 /* CartTests.swift in Sources */ = {isa = PBXBuildFile; fileRef = 0548173120B5FDBA007642A0 /* CartTests.swift */; };
		0548173420B6031E007642A0 /* ShopTests.swift in Sources */ = {isa = PBXBuildFile; fileRef = 0548173320B6031E007642A0 /* ShopTests.swift */; };
		0548173620B60B19007642A0 /* ListDisplayPresenter.swift in Sources */ = {isa = PBXBuildFile; fileRef = 0548173520B60B19007642A0 /* ListDisplayPresenter.swift */; };
		0548173820B60C0A007642A0 /* FibMeasureTests.swift in Sources */ = {isa = PBXBuildFile; fileRef = 0548173720B60C0A007642A0 /* FibMeasureTests.swift */; };
		0548173A20B60C7A007642A0 /* Fibonacci.swift in Sources */ = {isa = PBXBuildFile; fileRef = 0548173920B60C7A007642A0 /* Fibonacci.swift */; };
		0548173F20B61392007642A0 /* Networking.swift in Sources */ = {isa = PBXBuildFile; fileRef = 0548171E20B5DDCE007642A0 /* Networking.swift */; };
/* End PBXBuildFile section */

/* Begin PBXContainerItemProxy section */
		054816FF20B5DC81007642A0 /* PBXContainerItemProxy */ = {
			isa = PBXContainerItemProxy;
			containerPortal = 054816E220B5DC80007642A0 /* Project object */;
			proxyType = 1;
			remoteGlobalIDString = 054816E920B5DC80007642A0;
			remoteInfo = "basic-testing";
		};
		0548170A20B5DC81007642A0 /* PBXContainerItemProxy */ = {
			isa = PBXContainerItemProxy;
			containerPortal = 054816E220B5DC80007642A0 /* Project object */;
			proxyType = 1;
			remoteGlobalIDString = 054816E920B5DC80007642A0;
			remoteInfo = "basic-testing";
		};
/* End PBXContainerItemProxy section */

/* Begin PBXFileReference section */
		054816EA20B5DC80007642A0 /* basic-testing.app */ = {isa = PBXFileReference; explicitFileType = wrapper.application; includeInIndex = 0; path = "basic-testing.app"; sourceTree = BUILT_PRODUCTS_DIR; };
		054816ED20B5DC80007642A0 /* AppDelegate.swift */ = {isa = PBXFileReference; lastKnownFileType = sourcecode.swift; path = AppDelegate.swift; sourceTree = "<group>"; };
		054816EF20B5DC80007642A0 /* ViewController.swift */ = {isa = PBXFileReference; lastKnownFileType = sourcecode.swift; path = ViewController.swift; sourceTree = "<group>"; };
		054816F220B5DC80007642A0 /* Base */ = {isa = PBXFileReference; lastKnownFileType = file.storyboard; name = Base; path = Base.lproj/Main.storyboard; sourceTree = "<group>"; };
		054816F420B5DC80007642A0 /* Assets.xcassets */ = {isa = PBXFileReference; lastKnownFileType = folder.assetcatalog; path = Assets.xcassets; sourceTree = "<group>"; };
		054816F720B5DC80007642A0 /* Base */ = {isa = PBXFileReference; lastKnownFileType = file.storyboard; name = Base; path = Base.lproj/LaunchScreen.storyboard; sourceTree = "<group>"; };
		054816F920B5DC80007642A0 /* Info.plist */ = {isa = PBXFileReference; lastKnownFileType = text.plist.xml; path = Info.plist; sourceTree = "<group>"; };
		054816FE20B5DC81007642A0 /* basic-testingTests.xctest */ = {isa = PBXFileReference; explicitFileType = wrapper.cfbundle; includeInIndex = 0; path = "basic-testingTests.xctest"; sourceTree = BUILT_PRODUCTS_DIR; };
		0548170420B5DC81007642A0 /* Info.plist */ = {isa = PBXFileReference; lastKnownFileType = text.plist.xml; path = Info.plist; sourceTree = "<group>"; };
		0548170920B5DC81007642A0 /* basic-testingUITests.xctest */ = {isa = PBXFileReference; explicitFileType = wrapper.cfbundle; includeInIndex = 0; path = "basic-testingUITests.xctest"; sourceTree = BUILT_PRODUCTS_DIR; };
		0548170D20B5DC81007642A0 /* basic_testingUITests.swift */ = {isa = PBXFileReference; lastKnownFileType = sourcecode.swift; path = basic_testingUITests.swift; sourceTree = "<group>"; };
		0548170F20B5DC81007642A0 /* Info.plist */ = {isa = PBXFileReference; lastKnownFileType = text.plist.xml; path = Info.plist; sourceTree = "<group>"; };
		0548171B20B5DD8B007642A0 /* NetworkTests.swift */ = {isa = PBXFileReference; lastKnownFileType = sourcecode.swift; path = NetworkTests.swift; sourceTree = "<group>"; };
		0548171E20B5DDCE007642A0 /* Networking.swift */ = {isa = PBXFileReference; lastKnownFileType = sourcecode.swift; path = Networking.swift; sourceTree = "<group>"; };
		0548172120B5E644007642A0 /* Ranking.swift */ = {isa = PBXFileReference; lastKnownFileType = sourcecode.swift; path = Ranking.swift; sourceTree = "<group>"; };
		0548172F20B5FC1E007642A0 /* Shop.swift */ = {isa = PBXFileReference; lastKnownFileType = sourcecode.swift; path = Shop.swift; sourceTree = "<group>"; };
		0548173120B5FDBA007642A0 /* CartTests.swift */ = {isa = PBXFileReference; lastKnownFileType = sourcecode.swift; path = CartTests.swift; sourceTree = "<group>"; };
		0548173320B6031E007642A0 /* ShopTests.swift */ = {isa = PBXFileReference; lastKnownFileType = sourcecode.swift; path = ShopTests.swift; sourceTree = "<group>"; };
		0548173520B60B19007642A0 /* ListDisplayPresenter.swift */ = {isa = PBXFileReference; lastKnownFileType = sourcecode.swift; path = ListDisplayPresenter.swift; sourceTree = "<group>"; };
		0548173720B60C0A007642A0 /* FibMeasureTests.swift */ = {isa = PBXFileReference; lastKnownFileType = sourcecode.swift; path = FibMeasureTests.swift; sourceTree = "<group>"; };
		0548173920B60C7A007642A0 /* Fibonacci.swift */ = {isa = PBXFileReference; lastKnownFileType = sourcecode.swift; path = Fibonacci.swift; sourceTree = "<group>"; };
/* End PBXFileReference section */

/* Begin PBXFrameworksBuildPhase section */
		054816E720B5DC80007642A0 /* Frameworks */ = {
			isa = PBXFrameworksBuildPhase;
			buildActionMask = 2147483647;
			files = (
			);
			runOnlyForDeploymentPostprocessing = 0;
		};
		054816FB20B5DC81007642A0 /* Frameworks */ = {
			isa = PBXFrameworksBuildPhase;
			buildActionMask = 2147483647;
			files = (
			);
			runOnlyForDeploymentPostprocessing = 0;
		};
		0548170620B5DC81007642A0 /* Frameworks */ = {
			isa = PBXFrameworksBuildPhase;
			buildActionMask = 2147483647;
			files = (
			);
			runOnlyForDeploymentPostprocessing = 0;
		};
/* End PBXFrameworksBuildPhase section */

/* Begin PBXGroup section */
		054816E120B5DC80007642A0 = {
			isa = PBXGroup;
			children = (
				054816EC20B5DC80007642A0 /* basic-testing */,
				0548170120B5DC81007642A0 /* basic-testingTests */,
				0548170C20B5DC81007642A0 /* basic-testingUITests */,
				054816EB20B5DC80007642A0 /* Products */,
			);
			sourceTree = "<group>";
		};
		054816EB20B5DC80007642A0 /* Products */ = {
			isa = PBXGroup;
			children = (
				054816EA20B5DC80007642A0 /* basic-testing.app */,
				054816FE20B5DC81007642A0 /* basic-testingTests.xctest */,
				0548170920B5DC81007642A0 /* basic-testingUITests.xctest */,
			);
			name = Products;
			sourceTree = "<group>";
		};
		054816EC20B5DC80007642A0 /* basic-testing */ = {
			isa = PBXGroup;
			children = (
				0548172720B5F5E0007642A0 /* Shop */,
				0548171D20B5DDB7007642A0 /* Networking */,
				054816ED20B5DC80007642A0 /* AppDelegate.swift */,
				054816EF20B5DC80007642A0 /* ViewController.swift */,
				054816F120B5DC80007642A0 /* Main.storyboard */,
				054816F420B5DC80007642A0 /* Assets.xcassets */,
				054816F620B5DC80007642A0 /* LaunchScreen.storyboard */,
				054816F920B5DC80007642A0 /* Info.plist */,
				0548173520B60B19007642A0 /* ListDisplayPresenter.swift */,
				0548173920B60C7A007642A0 /* Fibonacci.swift */,
			);
			path = "basic-testing";
			sourceTree = "<group>";
		};
		0548170120B5DC81007642A0 /* basic-testingTests */ = {
			isa = PBXGroup;
			children = (
				0548171B20B5DD8B007642A0 /* NetworkTests.swift */,
				0548173720B60C0A007642A0 /* FibMeasureTests.swift */,
				0548173120B5FDBA007642A0 /* CartTests.swift */,
				0548173320B6031E007642A0 /* ShopTests.swift */,
				0548170420B5DC81007642A0 /* Info.plist */,
			);
			path = "basic-testingTests";
			sourceTree = "<group>";
		};
		0548170C20B5DC81007642A0 /* basic-testingUITests */ = {
			isa = PBXGroup;
			children = (
				0548170D20B5DC81007642A0 /* basic_testingUITests.swift */,
				0548170F20B5DC81007642A0 /* Info.plist */,
			);
			path = "basic-testingUITests";
			sourceTree = "<group>";
		};
		0548171D20B5DDB7007642A0 /* Networking */ = {
			isa = PBXGroup;
			children = (
				0548172020B5E639007642A0 /* Models */,
				0548171E20B5DDCE007642A0 /* Networking.swift */,
			);
			path = Networking;
			sourceTree = "<group>";
		};
		0548172020B5E639007642A0 /* Models */ = {
			isa = PBXGroup;
			children = (
				0548172120B5E644007642A0 /* Ranking.swift */,
			);
			path = Models;
			sourceTree = "<group>";
		};
		0548172720B5F5E0007642A0 /* Shop */ = {
			isa = PBXGroup;
			children = (
				0548172F20B5FC1E007642A0 /* Shop.swift */,
			);
			path = Shop;
			sourceTree = "<group>";
		};
/* End PBXGroup section */

/* Begin PBXNativeTarget section */
		054816E920B5DC80007642A0 /* basic-testing */ = {
			isa = PBXNativeTarget;
			buildConfigurationList = 0548171220B5DC81007642A0 /* Build configuration list for PBXNativeTarget "basic-testing" */;
			buildPhases = (
				054816E620B5DC80007642A0 /* Sources */,
				054816E720B5DC80007642A0 /* Frameworks */,
				054816E820B5DC80007642A0 /* Resources */,
			);
			buildRules = (
			);
			dependencies = (
			);
			name = "basic-testing";
			productName = "basic-testing";
			productReference = 054816EA20B5DC80007642A0 /* basic-testing.app */;
			productType = "com.apple.product-type.application";
		};
		054816FD20B5DC81007642A0 /* basic-testingTests */ = {
			isa = PBXNativeTarget;
			buildConfigurationList = 0548171520B5DC81007642A0 /* Build configuration list for PBXNativeTarget "basic-testingTests" */;
			buildPhases = (
				054816FA20B5DC81007642A0 /* Sources */,
				054816FB20B5DC81007642A0 /* Frameworks */,
				054816FC20B5DC81007642A0 /* Resources */,
			);
			buildRules = (
			);
			dependencies = (
				0548170020B5DC81007642A0 /* PBXTargetDependency */,
			);
			name = "basic-testingTests";
			productName = "basic-testingTests";
			productReference = 054816FE20B5DC81007642A0 /* basic-testingTests.xctest */;
			productType = "com.apple.product-type.bundle.unit-test";
		};
		0548170820B5DC81007642A0 /* basic-testingUITests */ = {
			isa = PBXNativeTarget;
			buildConfigurationList = 0548171820B5DC81007642A0 /* Build configuration list for PBXNativeTarget "basic-testingUITests" */;
			buildPhases = (
				0548170520B5DC81007642A0 /* Sources */,
				0548170620B5DC81007642A0 /* Frameworks */,
				0548170720B5DC81007642A0 /* Resources */,
			);
			buildRules = (
			);
			dependencies = (
				0548170B20B5DC81007642A0 /* PBXTargetDependency */,
			);
			name = "basic-testingUITests";
			productName = "basic-testingUITests";
			productReference = 0548170920B5DC81007642A0 /* basic-testingUITests.xctest */;
			productType = "com.apple.product-type.bundle.ui-testing";
		};
/* End PBXNativeTarget section */

/* Begin PBXProject section */
		054816E220B5DC80007642A0 /* Project object */ = {
			isa = PBXProject;
			attributes = {
				LastSwiftUpdateCheck = 0930;
				LastUpgradeCheck = 0930;
				ORGANIZATIONNAME = MakeSchool;
				TargetAttributes = {
					054816E920B5DC80007642A0 = {
						CreatedOnToolsVersion = 9.3.1;
						ProvisioningStyle = Automatic;
					};
					054816FD20B5DC81007642A0 = {
						CreatedOnToolsVersion = 9.3.1;
						ProvisioningStyle = Automatic;
						TestTargetID = 054816E920B5DC80007642A0;
					};
					0548170820B5DC81007642A0 = {
						CreatedOnToolsVersion = 9.3.1;
						ProvisioningStyle = Automatic;
						TestTargetID = 054816E920B5DC80007642A0;
					};
				};
			};
			buildConfigurationList = 054816E520B5DC80007642A0 /* Build configuration list for PBXProject "basic-testing" */;
			compatibilityVersion = "Xcode 8.0";
			developmentRegion = en;
			hasScannedForEncodings = 0;
			knownRegions = (
				en,
				Base,
			);
			mainGroup = 054816E120B5DC80007642A0;
			productRefGroup = 054816EB20B5DC80007642A0 /* Products */;
			projectDirPath = "";
			projectRoot = "";
			targets = (
				054816E920B5DC80007642A0 /* basic-testing */,
				054816FD20B5DC81007642A0 /* basic-testingTests */,
				0548170820B5DC81007642A0 /* basic-testingUITests */,
			);
		};
/* End PBXProject section */

/* Begin PBXResourcesBuildPhase section */
		054816E820B5DC80007642A0 /* Resources */ = {
			isa = PBXResourcesBuildPhase;
			buildActionMask = 2147483647;
			files = (
				054816F820B5DC80007642A0 /* LaunchScreen.storyboard in Resources */,
				054816F520B5DC80007642A0 /* Assets.xcassets in Resources */,
				054816F320B5DC80007642A0 /* Main.storyboard in Resources */,
			);
			runOnlyForDeploymentPostprocessing = 0;
		};
		054816FC20B5DC81007642A0 /* Resources */ = {
			isa = PBXResourcesBuildPhase;
			buildActionMask = 2147483647;
			files = (
			);
			runOnlyForDeploymentPostprocessing = 0;
		};
		0548170720B5DC81007642A0 /* Resources */ = {
			isa = PBXResourcesBuildPhase;
			buildActionMask = 2147483647;
			files = (
			);
			runOnlyForDeploymentPostprocessing = 0;
		};
/* End PBXResourcesBuildPhase section */

/* Begin PBXSourcesBuildPhase section */
		054816E620B5DC80007642A0 /* Sources */ = {
			isa = PBXSourcesBuildPhase;
			buildActionMask = 2147483647;
			files = (
				0548171F20B5DDCE007642A0 /* Networking.swift in Sources */,
				054816F020B5DC80007642A0 /* ViewController.swift in Sources */,
				0548173020B5FC1E007642A0 /* Shop.swift in Sources */,
				0548173A20B60C7A007642A0 /* Fibonacci.swift in Sources */,
				0548173620B60B19007642A0 /* ListDisplayPresenter.swift in Sources */,
				0548172220B5E644007642A0 /* Ranking.swift in Sources */,
				054816EE20B5DC80007642A0 /* AppDelegate.swift in Sources */,
			);
			runOnlyForDeploymentPostprocessing = 0;
		};
		054816FA20B5DC81007642A0 /* Sources */ = {
			isa = PBXSourcesBuildPhase;
			buildActionMask = 2147483647;
			files = (
				0548171C20B5DD8B007642A0 /* NetworkTests.swift in Sources */,
				0548173220B5FDBA007642A0 /* CartTests.swift in Sources */,
				0548173820B60C0A007642A0 /* FibMeasureTests.swift in Sources */,
				0548173F20B61392007642A0 /* Networking.swift in Sources */,
				0548173420B6031E007642A0 /* ShopTests.swift in Sources */,
			);
			runOnlyForDeploymentPostprocessing = 0;
		};
		0548170520B5DC81007642A0 /* Sources */ = {
			isa = PBXSourcesBuildPhase;
			buildActionMask = 2147483647;
			files = (
				0548170E20B5DC81007642A0 /* basic_testingUITests.swift in Sources */,
			);
			runOnlyForDeploymentPostprocessing = 0;
		};
/* End PBXSourcesBuildPhase section */

/* Begin PBXTargetDependency section */
		0548170020B5DC81007642A0 /* PBXTargetDependency */ = {
			isa = PBXTargetDependency;
			target = 054816E920B5DC80007642A0 /* basic-testing */;
			targetProxy = 054816FF20B5DC81007642A0 /* PBXContainerItemProxy */;
		};
		0548170B20B5DC81007642A0 /* PBXTargetDependency */ = {
			isa = PBXTargetDependency;
			target = 054816E920B5DC80007642A0 /* basic-testing */;
			targetProxy = 0548170A20B5DC81007642A0 /* PBXContainerItemProxy */;
		};
/* End PBXTargetDependency section */

/* Begin PBXVariantGroup section */
		054816F120B5DC80007642A0 /* Main.storyboard */ = {
			isa = PBXVariantGroup;
			children = (
				054816F220B5DC80007642A0 /* Base */,
			);
			name = Main.storyboard;
			sourceTree = "<group>";
		};
		054816F620B5DC80007642A0 /* LaunchScreen.storyboard */ = {
			isa = PBXVariantGroup;
			children = (
				054816F720B5DC80007642A0 /* Base */,
			);
			name = LaunchScreen.storyboard;
			sourceTree = "<group>";
		};
/* End PBXVariantGroup section */

/* Begin XCBuildConfiguration section */
		0548171020B5DC81007642A0 /* Debug */ = {
			isa = XCBuildConfiguration;
			buildSettings = {
				ALWAYS_SEARCH_USER_PATHS = NO;
				CLANG_ANALYZER_NONNULL = YES;
				CLANG_ANALYZER_NUMBER_OBJECT_CONVERSION = YES_AGGRESSIVE;
				CLANG_CXX_LANGUAGE_STANDARD = "gnu++14";
				CLANG_CXX_LIBRARY = "libc++";
				CLANG_ENABLE_MODULES = YES;
				CLANG_ENABLE_OBJC_ARC = YES;
				CLANG_ENABLE_OBJC_WEAK = YES;
				CLANG_WARN_BLOCK_CAPTURE_AUTORELEASING = YES;
				CLANG_WARN_BOOL_CONVERSION = YES;
				CLANG_WARN_COMMA = YES;
				CLANG_WARN_CONSTANT_CONVERSION = YES;
				CLANG_WARN_DEPRECATED_OBJC_IMPLEMENTATIONS = YES;
				CLANG_WARN_DIRECT_OBJC_ISA_USAGE = YES_ERROR;
				CLANG_WARN_DOCUMENTATION_COMMENTS = YES;
				CLANG_WARN_EMPTY_BODY = YES;
				CLANG_WARN_ENUM_CONVERSION = YES;
				CLANG_WARN_INFINITE_RECURSION = YES;
				CLANG_WARN_INT_CONVERSION = YES;
				CLANG_WARN_NON_LITERAL_NULL_CONVERSION = YES;
				CLANG_WARN_OBJC_IMPLICIT_RETAIN_SELF = YES;
				CLANG_WARN_OBJC_LITERAL_CONVERSION = YES;
				CLANG_WARN_OBJC_ROOT_CLASS = YES_ERROR;
				CLANG_WARN_RANGE_LOOP_ANALYSIS = YES;
				CLANG_WARN_STRICT_PROTOTYPES = YES;
				CLANG_WARN_SUSPICIOUS_MOVE = YES;
				CLANG_WARN_UNGUARDED_AVAILABILITY = YES_AGGRESSIVE;
				CLANG_WARN_UNREACHABLE_CODE = YES;
				CLANG_WARN__DUPLICATE_METHOD_MATCH = YES;
				CODE_SIGN_IDENTITY = "iPhone Developer";
				COPY_PHASE_STRIP = NO;
				DEBUG_INFORMATION_FORMAT = dwarf;
				ENABLE_STRICT_OBJC_MSGSEND = YES;
				ENABLE_TESTABILITY = YES;
				GCC_C_LANGUAGE_STANDARD = gnu11;
				GCC_DYNAMIC_NO_PIC = NO;
				GCC_NO_COMMON_BLOCKS = YES;
				GCC_OPTIMIZATION_LEVEL = 0;
				GCC_PREPROCESSOR_DEFINITIONS = (
					"DEBUG=1",
					"$(inherited)",
				);
				GCC_WARN_64_TO_32_BIT_CONVERSION = YES;
				GCC_WARN_ABOUT_RETURN_TYPE = YES_ERROR;
				GCC_WARN_UNDECLARED_SELECTOR = YES;
				GCC_WARN_UNINITIALIZED_AUTOS = YES_AGGRESSIVE;
				GCC_WARN_UNUSED_FUNCTION = YES;
				GCC_WARN_UNUSED_VARIABLE = YES;
				IPHONEOS_DEPLOYMENT_TARGET = 11.3;
				MTL_ENABLE_DEBUG_INFO = YES;
				ONLY_ACTIVE_ARCH = YES;
				SDKROOT = iphoneos;
				SWIFT_ACTIVE_COMPILATION_CONDITIONS = DEBUG;
				SWIFT_OPTIMIZATION_LEVEL = "-Onone";
			};
			name = Debug;
		};
		0548171120B5DC81007642A0 /* Release */ = {
			isa = XCBuildConfiguration;
			buildSettings = {
				ALWAYS_SEARCH_USER_PATHS = NO;
				CLANG_ANALYZER_NONNULL = YES;
				CLANG_ANALYZER_NUMBER_OBJECT_CONVERSION = YES_AGGRESSIVE;
				CLANG_CXX_LANGUAGE_STANDARD = "gnu++14";
				CLANG_CXX_LIBRARY = "libc++";
				CLANG_ENABLE_MODULES = YES;
				CLANG_ENABLE_OBJC_ARC = YES;
				CLANG_ENABLE_OBJC_WEAK = YES;
				CLANG_WARN_BLOCK_CAPTURE_AUTORELEASING = YES;
				CLANG_WARN_BOOL_CONVERSION = YES;
				CLANG_WARN_COMMA = YES;
				CLANG_WARN_CONSTANT_CONVERSION = YES;
				CLANG_WARN_DEPRECATED_OBJC_IMPLEMENTATIONS = YES;
				CLANG_WARN_DIRECT_OBJC_ISA_USAGE = YES_ERROR;
				CLANG_WARN_DOCUMENTATION_COMMENTS = YES;
				CLANG_WARN_EMPTY_BODY = YES;
				CLANG_WARN_ENUM_CONVERSION = YES;
				CLANG_WARN_INFINITE_RECURSION = YES;
				CLANG_WARN_INT_CONVERSION = YES;
				CLANG_WARN_NON_LITERAL_NULL_CONVERSION = YES;
				CLANG_WARN_OBJC_IMPLICIT_RETAIN_SELF = YES;
				CLANG_WARN_OBJC_LITERAL_CONVERSION = YES;
				CLANG_WARN_OBJC_ROOT_CLASS = YES_ERROR;
				CLANG_WARN_RANGE_LOOP_ANALYSIS = YES;
				CLANG_WARN_STRICT_PROTOTYPES = YES;
				CLANG_WARN_SUSPICIOUS_MOVE = YES;
				CLANG_WARN_UNGUARDED_AVAILABILITY = YES_AGGRESSIVE;
				CLANG_WARN_UNREACHABLE_CODE = YES;
				CLANG_WARN__DUPLICATE_METHOD_MATCH = YES;
				CODE_SIGN_IDENTITY = "iPhone Developer";
				COPY_PHASE_STRIP = NO;
				DEBUG_INFORMATION_FORMAT = "dwarf-with-dsym";
				ENABLE_NS_ASSERTIONS = NO;
				ENABLE_STRICT_OBJC_MSGSEND = YES;
				GCC_C_LANGUAGE_STANDARD = gnu11;
				GCC_NO_COMMON_BLOCKS = YES;
				GCC_WARN_64_TO_32_BIT_CONVERSION = YES;
				GCC_WARN_ABOUT_RETURN_TYPE = YES_ERROR;
				GCC_WARN_UNDECLARED_SELECTOR = YES;
				GCC_WARN_UNINITIALIZED_AUTOS = YES_AGGRESSIVE;
				GCC_WARN_UNUSED_FUNCTION = YES;
				GCC_WARN_UNUSED_VARIABLE = YES;
				IPHONEOS_DEPLOYMENT_TARGET = 11.3;
				MTL_ENABLE_DEBUG_INFO = NO;
				SDKROOT = iphoneos;
				SWIFT_OPTIMIZATION_LEVEL = "-Owholemodule";
				VALIDATE_PRODUCT = YES;
			};
			name = Release;
		};
		0548171320B5DC81007642A0 /* Debug */ = {
			isa = XCBuildConfiguration;
			buildSettings = {
				ASSETCATALOG_COMPILER_APPICON_NAME = AppIcon;
				CODE_SIGN_STYLE = Automatic;
				DEVELOPMENT_TEAM = F7AL96RPTB;
				INFOPLIST_FILE = "basic-testing/Info.plist";
				LD_RUNPATH_SEARCH_PATHS = "$(inherited) @executable_path/Frameworks";
				PRODUCT_BUNDLE_IDENTIFIER = "com.makeschool.basic-testing";
				PRODUCT_NAME = "$(TARGET_NAME)";
				SWIFT_VERSION = 4.0;
				TARGETED_DEVICE_FAMILY = "1,2";
			};
			name = Debug;
		};
		0548171420B5DC81007642A0 /* Release */ = {
			isa = XCBuildConfiguration;
			buildSettings = {
				ASSETCATALOG_COMPILER_APPICON_NAME = AppIcon;
				CODE_SIGN_STYLE = Automatic;
				DEVELOPMENT_TEAM = F7AL96RPTB;
				INFOPLIST_FILE = "basic-testing/Info.plist";
				LD_RUNPATH_SEARCH_PATHS = "$(inherited) @executable_path/Frameworks";
				PRODUCT_BUNDLE_IDENTIFIER = "com.makeschool.basic-testing";
				PRODUCT_NAME = "$(TARGET_NAME)";
				SWIFT_VERSION = 4.0;
				TARGETED_DEVICE_FAMILY = "1,2";
			};
			name = Release;
		};
		0548171620B5DC81007642A0 /* Debug */ = {
			isa = XCBuildConfiguration;
			buildSettings = {
				ALWAYS_EMBED_SWIFT_STANDARD_LIBRARIES = YES;
				BUNDLE_LOADER = "$(TEST_HOST)";
				CODE_SIGN_STYLE = Automatic;
				DEVELOPMENT_TEAM = F7AL96RPTB;
				INFOPLIST_FILE = "basic-testingTests/Info.plist";
				LD_RUNPATH_SEARCH_PATHS = "$(inherited) @executable_path/Frameworks @loader_path/Frameworks";
				PRODUCT_BUNDLE_IDENTIFIER = "com.makeschool.basic-testingTests";
				PRODUCT_NAME = "$(TARGET_NAME)";
				SWIFT_VERSION = 4.0;
				TARGETED_DEVICE_FAMILY = "1,2";
				TEST_HOST = "$(BUILT_PRODUCTS_DIR)/basic-testing.app/basic-testing";
			};
			name = Debug;
		};
		0548171720B5DC81007642A0 /* Release */ = {
			isa = XCBuildConfiguration;
			buildSettings = {
				ALWAYS_EMBED_SWIFT_STANDARD_LIBRARIES = YES;
				BUNDLE_LOADER = "$(TEST_HOST)";
				CODE_SIGN_STYLE = Automatic;
				DEVELOPMENT_TEAM = F7AL96RPTB;
				INFOPLIST_FILE = "basic-testingTests/Info.plist";
				LD_RUNPATH_SEARCH_PATHS = "$(inherited) @executable_path/Frameworks @loader_path/Frameworks";
				PRODUCT_BUNDLE_IDENTIFIER = "com.makeschool.basic-testingTests";
				PRODUCT_NAME = "$(TARGET_NAME)";
				SWIFT_VERSION = 4.0;
				TARGETED_DEVICE_FAMILY = "1,2";
				TEST_HOST = "$(BUILT_PRODUCTS_DIR)/basic-testing.app/basic-testing";
			};
			name = Release;
		};
		0548171920B5DC81007642A0 /* Debug */ = {
			isa = XCBuildConfiguration;
			buildSettings = {
				ALWAYS_EMBED_SWIFT_STANDARD_LIBRARIES = YES;
				CODE_SIGN_STYLE = Automatic;
				DEVELOPMENT_TEAM = F7AL96RPTB;
				INFOPLIST_FILE = "basic-testingUITests/Info.plist";
				LD_RUNPATH_SEARCH_PATHS = "$(inherited) @executable_path/Frameworks @loader_path/Frameworks";
				PRODUCT_BUNDLE_IDENTIFIER = "com.makeschool.basic-testingUITests";
				PRODUCT_NAME = "$(TARGET_NAME)";
				SWIFT_VERSION = 4.0;
				TARGETED_DEVICE_FAMILY = "1,2";
				TEST_TARGET_NAME = "basic-testing";
			};
			name = Debug;
		};
		0548171A20B5DC81007642A0 /* Release */ = {
			isa = XCBuildConfiguration;
			buildSettings = {
				ALWAYS_EMBED_SWIFT_STANDARD_LIBRARIES = YES;
				CODE_SIGN_STYLE = Automatic;
				DEVELOPMENT_TEAM = F7AL96RPTB;
				INFOPLIST_FILE = "basic-testingUITests/Info.plist";
				LD_RUNPATH_SEARCH_PATHS = "$(inherited) @executable_path/Frameworks @loader_path/Frameworks";
				PRODUCT_BUNDLE_IDENTIFIER = "com.makeschool.basic-testingUITests";
				PRODUCT_NAME = "$(TARGET_NAME)";
				SWIFT_VERSION = 4.0;
				TARGETED_DEVICE_FAMILY = "1,2";
				TEST_TARGET_NAME = "basic-testing";
			};
			name = Release;
		};
/* End XCBuildConfiguration section */

/* Begin XCConfigurationList section */
		054816E520B5DC80007642A0 /* Build configuration list for PBXProject "basic-testing" */ = {
			isa = XCConfigurationList;
			buildConfigurations = (
				0548171020B5DC81007642A0 /* Debug */,
				0548171120B5DC81007642A0 /* Release */,
			);
			defaultConfigurationIsVisible = 0;
			defaultConfigurationName = Release;
		};
		0548171220B5DC81007642A0 /* Build configuration list for PBXNativeTarget "basic-testing" */ = {
			isa = XCConfigurationList;
			buildConfigurations = (
				0548171320B5DC81007642A0 /* Debug */,
				0548171420B5DC81007642A0 /* Release */,
			);
			defaultConfigurationIsVisible = 0;
			defaultConfigurationName = Release;
		};
		0548171520B5DC81007642A0 /* Build configuration list for PBXNativeTarget "basic-testingTests" */ = {
			isa = XCConfigurationList;
			buildConfigurations = (
				0548171620B5DC81007642A0 /* Debug */,
				0548171720B5DC81007642A0 /* Release */,
			);
			defaultConfigurationIsVisible = 0;
			defaultConfigurationName = Release;
		};
		0548171820B5DC81007642A0 /* Build configuration list for PBXNativeTarget "basic-testingUITests" */ = {
			isa = XCConfigurationList;
			buildConfigurations = (
				0548171920B5DC81007642A0 /* Debug */,
				0548171A20B5DC81007642A0 /* Release */,
			);
			defaultConfigurationIsVisible = 0;
			defaultConfigurationName = Release;
		};
/* End XCConfigurationList section */
	};
	rootObject = 054816E220B5DC80007642A0 /* Project object */;
}
