// !$*UTF8*$!
{
	archiveVersion = 1;
	classes = {
	};
	objectVersion = 46;
	objects = {

/* Begin PBXBuildFile section */
		D82346511E3726AF00A0B61D /* AppDelegate.swift in Sources */ = {isa = PBXBuildFile; fileRef = D82346501E3726AF00A0B61D /* AppDelegate.swift */; };
		D82346531E3726AF00A0B61D /* ViewController.swift in Sources */ = {isa = PBXBuildFile; fileRef = D82346521E3726AF00A0B61D /* ViewController.swift */; };
		D82346561E3726AF00A0B61D /* Main.storyboard in Resources */ = {isa = PBXBuildFile; fileRef = D82346541E3726AF00A0B61D /* Main.storyboard */; };
		D82346581E3726AF00A0B61D /* Assets.xcassets in Resources */ = {isa = PBXBuildFile; fileRef = D82346571E3726AF00A0B61D /* Assets.xcassets */; };
		D823465B1E3726AF00A0B61D /* LaunchScreen.storyboard in Resources */ = {isa = PBXBuildFile; fileRef = D82346591E3726AF00A0B61D /* LaunchScreen.storyboard */; };
/* End PBXBuildFile section */

/* Begin PBXFileReference section */
		D823464D1E3726AF00A0B61D /* FramBoundsAndCenter.app */ = {isa = PBXFileReference; explicitFileType = wrapper.application; includeInIndex = 0; path = FramBoundsAndCenter.app; sourceTree = BUILT_PRODUCTS_DIR; };
		D82346501E3726AF00A0B61D /* AppDelegate.swift */ = {isa = PBXFileReference; lastKnownFileType = sourcecode.swift; path = AppDelegate.swift; sourceTree = "<group>"; };
		D82346521E3726AF00A0B61D /* ViewController.swift */ = {isa = PBXFileReference; lastKnownFileType = sourcecode.swift; path = ViewController.swift; sourceTree = "<group>"; };
		D82346551E3726AF00A0B61D /* Base */ = {isa = PBXFileReference; lastKnownFileType = file.storyboard; name = Base; path = Base.lproj/Main.storyboard; sourceTree = "<group>"; };
		D82346571E3726AF00A0B61D /* Assets.xcassets */ = {isa = PBXFileReference; lastKnownFileType = folder.assetcatalog; path = Assets.xcassets; sourceTree = "<group>"; };
		D823465A1E3726AF00A0B61D /* Base */ = {isa = PBXFileReference; lastKnownFileType = file.storyboard; name = Base; path = Base.lproj/LaunchScreen.storyboard; sourceTree = "<group>"; };
		D823465C1E3726AF00A0B61D /* Info.plist */ = {isa = PBXFileReference; lastKnownFileType = text.plist.xml; path = Info.plist; sourceTree = "<group>"; };
/* End PBXFileReference section */

/* Begin PBXFrameworksBuildPhase section */
		D823464A1E3726AF00A0B61D /* Frameworks */ = {
			isa = PBXFrameworksBuildPhase;
			buildActionMask = 2147483647;
			files = (
			);
			runOnlyForDeploymentPostprocessing = 0;
		};
/* End PBXFrameworksBuildPhase section */

/* Begin PBXGroup section */
		D82346441E3726AF00A0B61D = {
			isa = PBXGroup;
			children = (
				D823464F1E3726AF00A0B61D /* FramBoundsAndCenter */,
				D823464E1E3726AF00A0B61D /* Products */,
			);
			sourceTree = "<group>";
		};
		D823464E1E3726AF00A0B61D /* Products */ = {
			isa = PBXGroup;
			children = (
				D823464D1E3726AF00A0B61D /* FramBoundsAndCenter.app */,
			);
			name = Products;
			sourceTree = "<group>";
		};
		D823464F1E3726AF00A0B61D /* FramBoundsAndCenter */ = {
			isa = PBXGroup;
			children = (
				D82346501E3726AF00A0B61D /* AppDelegate.swift */,
				D82346521E3726AF00A0B61D /* ViewController.swift */,
				D82346541E3726AF00A0B61D /* Main.storyboard */,
				D82346571E3726AF00A0B61D /* Assets.xcassets */,
				D82346591E3726AF00A0B61D /* LaunchScreen.storyboard */,
				D823465C1E3726AF00A0B61D /* Info.plist */,
			);
			path = FramBoundsAndCenter;
			sourceTree = "<group>";
		};
/* End PBXGroup section */

/* Begin PBXNativeTarget section */
		D823464C1E3726AF00A0B61D /* FramBoundsAndCenter */ = {
			isa = PBXNativeTarget;
			buildConfigurationList = D823465F1E3726AF00A0B61D /* Build configuration list for PBXNativeTarget "FramBoundsAndCenter" */;
			buildPhases = (
				D82346491E3726AF00A0B61D /* Sources */,
				D823464A1E3726AF00A0B61D /* Frameworks */,
				D823464B1E3726AF00A0B61D /* Resources */,
			);
			buildRules = (
			);
			dependencies = (
			);
			name = FramBoundsAndCenter;
			productName = FramBoundsAndCenter;
			productReference = D823464D1E3726AF00A0B61D /* FramBoundsAndCenter.app */;
			productType = "com.apple.product-type.application";
		};
/* End PBXNativeTarget section */

/* Begin PBXProject section */
		D82346451E3726AF00A0B61D /* Project object */ = {
			isa = PBXProject;
			attributes = {
				LastSwiftUpdateCheck = 0820;
				LastUpgradeCheck = 0820;
				ORGANIZATIONNAME = "Mitchell Hudson";
				TargetAttributes = {
					D823464C1E3726AF00A0B61D = {
						CreatedOnToolsVersion = 8.2.1;
						DevelopmentTeam = 753UQ7TNXJ;
						ProvisioningStyle = Automatic;
					};
				};
			};
			buildConfigurationList = D82346481E3726AF00A0B61D /* Build configuration list for PBXProject "FramBoundsAndCenter" */;
			compatibilityVersion = "Xcode 3.2";
			developmentRegion = English;
			hasScannedForEncodings = 0;
			knownRegions = (
				en,
				Base,
			);
			mainGroup = D82346441E3726AF00A0B61D;
			productRefGroup = D823464E1E3726AF00A0B61D /* Products */;
			projectDirPath = "";
			projectRoot = "";
			targets = (
				D823464C1E3726AF00A0B61D /* FramBoundsAndCenter */,
			);
		};
/* End PBXProject section */

/* Begin PBXResourcesBuildPhase section */
		D823464B1E3726AF00A0B61D /* Resources */ = {
			isa = PBXResourcesBuildPhase;
			buildActionMask = 2147483647;
			files = (
				D823465B1E3726AF00A0B61D /* LaunchScreen.storyboard in Resources */,
				D82346581E3726AF00A0B61D /* Assets.xcassets in Resources */,
				D82346561E3726AF00A0B61D /* Main.storyboard in Resources */,
			);
			runOnlyForDeploymentPostprocessing = 0;
		};
/* End PBXResourcesBuildPhase section */

/* Begin PBXSourcesBuildPhase section */
		D82346491E3726AF00A0B61D /* Sources */ = {
			isa = PBXSourcesBuildPhase;
			buildActionMask = 2147483647;
			files = (
				D82346531E3726AF00A0B61D /* ViewController.swift in Sources */,
				D82346511E3726AF00A0B61D /* AppDelegate.swift in Sources */,
			);
			runOnlyForDeploymentPostprocessing = 0;
		};
/* End PBXSourcesBuildPhase section */

/* Begin PBXVariantGroup section */
		D82346541E3726AF00A0B61D /* Main.storyboard */ = {
			isa = PBXVariantGroup;
			children = (
				D82346551E3726AF00A0B61D /* Base */,
			);
			name = Main.storyboard;
			sourceTree = "<group>";
		};
		D82346591E3726AF00A0B61D /* LaunchScreen.storyboard */ = {
			isa = PBXVariantGroup;
			children = (
				D823465A1E3726AF00A0B61D /* Base */,
			);
			name = LaunchScreen.storyboard;
			sourceTree = "<group>";
		};
/* End PBXVariantGroup section */

/* Begin XCBuildConfiguration section */
		D823465D1E3726AF00A0B61D /* Debug */ = {
			isa = XCBuildConfiguration;
			buildSettings = {
				ALWAYS_SEARCH_USER_PATHS = NO;
				CLANG_ANALYZER_NONNULL = YES;
				CLANG_CXX_LANGUAGE_STANDARD = "gnu++0x";
				CLANG_CXX_LIBRARY = "libc++";
				CLANG_ENABLE_MODULES = YES;
				CLANG_ENABLE_OBJC_ARC = YES;
				CLANG_WARN_BOOL_CONVERSION = YES;
				CLANG_WARN_CONSTANT_CONVERSION = YES;
				CLANG_WARN_DIRECT_OBJC_ISA_USAGE = YES_ERROR;
				CLANG_WARN_DOCUMENTATION_COMMENTS = YES;
				CLANG_WARN_EMPTY_BODY = YES;
				CLANG_WARN_ENUM_CONVERSION = YES;
				CLANG_WARN_INFINITE_RECURSION = YES;
				CLANG_WARN_INT_CONVERSION = YES;
				CLANG_WARN_OBJC_ROOT_CLASS = YES_ERROR;
				CLANG_WARN_SUSPICIOUS_MOVE = YES;
				CLANG_WARN_UNREACHABLE_CODE = YES;
				CLANG_WARN__DUPLICATE_METHOD_MATCH = YES;
				"CODE_SIGN_IDENTITY[sdk=iphoneos*]" = "iPhone Developer";
				COPY_PHASE_STRIP = NO;
				DEBUG_INFORMATION_FORMAT = dwarf;
				ENABLE_STRICT_OBJC_MSGSEND = YES;
				ENABLE_TESTABILITY = YES;
				GCC_C_LANGUAGE_STANDARD = gnu99;
				GCC_DYNAMIC_NO_PIC = NO;
				GCC_NO_COMMON_BLOCKS = YES;
				GCC_OPTIMIZATION_LEVEL = 0;
				GCC_PREPROCESSOR_DEFINITIONS = (
					"DEBUG=1",
					"$(inherited)",
				);
				GCC_WARN_64_TO_32_BIT_CONVERSION = YES;
				GCC_WARN_ABOUT_RETURN_TYPE = YES_ERROR;
				GCC_WARN_UNDECLARED_SELECTOR = YES;
				GCC_WARN_UNINITIALIZED_AUTOS = YES_AGGRESSIVE;
				GCC_WARN_UNUSED_FUNCTION = YES;
				GCC_WARN_UNUSED_VARIABLE = YES;
				IPHONEOS_DEPLOYMENT_TARGET = 10.2;
				MTL_ENABLE_DEBUG_INFO = YES;
				ONLY_ACTIVE_ARCH = YES;
				SDKROOT = iphoneos;
				SWIFT_ACTIVE_COMPILATION_CONDITIONS = DEBUG;
				SWIFT_OPTIMIZATION_LEVEL = "-Onone";
			};
			name = Debug;
		};
		D823465E1E3726AF00A0B61D /* Release */ = {
			isa = XCBuildConfiguration;
			buildSettings = {
				ALWAYS_SEARCH_USER_PATHS = NO;
				CLANG_ANALYZER_NONNULL = YES;
				CLANG_CXX_LANGUAGE_STANDARD = "gnu++0x";
				CLANG_CXX_LIBRARY = "libc++";
				CLANG_ENABLE_MODULES = YES;
				CLANG_ENABLE_OBJC_ARC = YES;
				CLANG_WARN_BOOL_CONVERSION = YES;
				CLANG_WARN_CONSTANT_CONVERSION = YES;
				CLANG_WARN_DIRECT_OBJC_ISA_USAGE = YES_ERROR;
				CLANG_WARN_DOCUMENTATION_COMMENTS = YES;
				CLANG_WARN_EMPTY_BODY = YES;
				CLANG_WARN_ENUM_CONVERSION = YES;
				CLANG_WARN_INFINITE_RECURSION = YES;
				CLANG_WARN_INT_CONVERSION = YES;
				CLANG_WARN_OBJC_ROOT_CLASS = YES_ERROR;
				CLANG_WARN_SUSPICIOUS_MOVE = YES;
				CLANG_WARN_UNREACHABLE_CODE = YES;
				CLANG_WARN__DUPLICATE_METHOD_MATCH = YES;
				"CODE_SIGN_IDENTITY[sdk=iphoneos*]" = "iPhone Developer";
				COPY_PHASE_STRIP = NO;
				DEBUG_INFORMATION_FORMAT = "dwarf-with-dsym";
				ENABLE_NS_ASSERTIONS = NO;
				ENABLE_STRICT_OBJC_MSGSEND = YES;
				GCC_C_LANGUAGE_STANDARD = gnu99;
				GCC_NO_COMMON_BLOCKS = YES;
				GCC_WARN_64_TO_32_BIT_CONVERSION = YES;
				GCC_WARN_ABOUT_RETURN_TYPE = YES_ERROR;
				GCC_WARN_UNDECLARED_SELECTOR = YES;
				GCC_WARN_UNINITIALIZED_AUTOS = YES_AGGRESSIVE;
				GCC_WARN_UNUSED_FUNCTION = YES;
				GCC_WARN_UNUSED_VARIABLE = YES;
				IPHONEOS_DEPLOYMENT_TARGET = 10.2;
				MTL_ENABLE_DEBUG_INFO = NO;
				SDKROOT = iphoneos;
				SWIFT_OPTIMIZATION_LEVEL = "-Owholemodule";
				VALIDATE_PRODUCT = YES;
			};
			name = Release;
		};
		D82346601E3726AF00A0B61D /* Debug */ = {
			isa = XCBuildConfiguration;
			buildSettings = {
				ASSETCATALOG_COMPILER_APPICON_NAME = AppIcon;
				DEVELOPMENT_TEAM = 753UQ7TNXJ;
				INFOPLIST_FILE = FramBoundsAndCenter/Info.plist;
				LD_RUNPATH_SEARCH_PATHS = "$(inherited) @executable_path/Frameworks";
				PRODUCT_BUNDLE_IDENTIFIER = com.makeschool.FramBoundsAndCenter;
				PRODUCT_NAME = "$(TARGET_NAME)";
				SWIFT_VERSION = 3.0;
			};
			name = Debug;
		};
		D82346611E3726AF00A0B61D /* Release */ = {
			isa = XCBuildConfiguration;
			buildSettings = {
				ASSETCATALOG_COMPILER_APPICON_NAME = AppIcon;
				DEVELOPMENT_TEAM = 753UQ7TNXJ;
				INFOPLIST_FILE = FramBoundsAndCenter/Info.plist;
				LD_RUNPATH_SEARCH_PATHS = "$(inherited) @executable_path/Frameworks";
				PRODUCT_BUNDLE_IDENTIFIER = com.makeschool.FramBoundsAndCenter;
				PRODUCT_NAME = "$(TARGET_NAME)";
				SWIFT_VERSION = 3.0;
			};
			name = Release;
		};
/* End XCBuildConfiguration section */

/* Begin XCConfigurationList section */
		D82346481E3726AF00A0B61D /* Build configuration list for PBXProject "FramBoundsAndCenter" */ = {
			isa = XCConfigurationList;
			buildConfigurations = (
				D823465D1E3726AF00A0B61D /* Debug */,
				D823465E1E3726AF00A0B61D /* Release */,
			);
			defaultConfigurationIsVisible = 0;
			defaultConfigurationName = Release;
		};
		D823465F1E3726AF00A0B61D /* Build configuration list for PBXNativeTarget "FramBoundsAndCenter" */ = {
			isa = XCConfigurationList;
			buildConfigurations = (
				D82346601E3726AF00A0B61D /* Debug */,
				D82346611E3726AF00A0B61D /* Release */,
			);
			defaultConfigurationIsVisible = 0;
		};
/* End XCConfigurationList section */
	};
	rootObject = D82346451E3726AF00A0B61D /* Project object */;
}
