// !$*UTF8*$!
{
	archiveVersion = 1;
	classes = {
	};
	objectVersion = 50;
	objects = {

/* Begin PBXBuildFile section */
		05026CF920B3F1FC00C8F8DE /* GravityViewController.swift in Sources */ = {isa = PBXBuildFile; fileRef = 05026CF820B3F1FC00C8F8DE /* GravityViewController.swift */; };
		05026CFB20B4056800C8F8DE /* PushViewController.swift in Sources */ = {isa = PBXBuildFile; fileRef = 05026CFA20B4056800C8F8DE /* PushViewController.swift */; };
		05026CFD20B4244700C8F8DE /* SnapViewController.swift in Sources */ = {isa = PBXBuildFile; fileRef = 05026CFC20B4244700C8F8DE /* SnapViewController.swift */; };
		05026CFF20B4259000C8F8DE /* SnapView.swift in Sources */ = {isa = PBXBuildFile; fileRef = 05026CFE20B4259000C8F8DE /* SnapView.swift */; };
		05026D0320B49E3C00C8F8DE /* ParticlesViewController.swift in Sources */ = {isa = PBXBuildFile; fileRef = 05026D0220B49E3C00C8F8DE /* ParticlesViewController.swift */; };
		05341CE620B354230038EB41 /* AppDelegate.swift in Sources */ = {isa = PBXBuildFile; fileRef = 05341CE520B354230038EB41 /* AppDelegate.swift */; };
		05341CE820B354230038EB41 /* ViewController.swift in Sources */ = {isa = PBXBuildFile; fileRef = 05341CE720B354230038EB41 /* ViewController.swift */; };
		05341CEB20B354230038EB41 /* Main.storyboard in Resources */ = {isa = PBXBuildFile; fileRef = 05341CE920B354230038EB41 /* Main.storyboard */; };
		05341CED20B354260038EB41 /* Assets.xcassets in Resources */ = {isa = PBXBuildFile; fileRef = 05341CEC20B354260038EB41 /* Assets.xcassets */; };
		05341CF020B354260038EB41 /* LaunchScreen.storyboard in Resources */ = {isa = PBXBuildFile; fileRef = 05341CEE20B354260038EB41 /* LaunchScreen.storyboard */; };
/* End PBXBuildFile section */

/* Begin PBXFileReference section */
		05026CF820B3F1FC00C8F8DE /* GravityViewController.swift */ = {isa = PBXFileReference; lastKnownFileType = sourcecode.swift; path = GravityViewController.swift; sourceTree = "<group>"; };
		05026CFA20B4056800C8F8DE /* PushViewController.swift */ = {isa = PBXFileReference; lastKnownFileType = sourcecode.swift; path = PushViewController.swift; sourceTree = "<group>"; };
		05026CFC20B4244700C8F8DE /* SnapViewController.swift */ = {isa = PBXFileReference; lastKnownFileType = sourcecode.swift; path = SnapViewController.swift; sourceTree = "<group>"; };
		05026CFE20B4259000C8F8DE /* SnapView.swift */ = {isa = PBXFileReference; lastKnownFileType = sourcecode.swift; path = SnapView.swift; sourceTree = "<group>"; };
		05026D0220B49E3C00C8F8DE /* ParticlesViewController.swift */ = {isa = PBXFileReference; lastKnownFileType = sourcecode.swift; path = ParticlesViewController.swift; sourceTree = "<group>"; };
		05341CE220B354230038EB41 /* UIDynamicsExample.app */ = {isa = PBXFileReference; explicitFileType = wrapper.application; includeInIndex = 0; path = UIDynamicsExample.app; sourceTree = BUILT_PRODUCTS_DIR; };
		05341CE520B354230038EB41 /* AppDelegate.swift */ = {isa = PBXFileReference; lastKnownFileType = sourcecode.swift; path = AppDelegate.swift; sourceTree = "<group>"; };
		05341CE720B354230038EB41 /* ViewController.swift */ = {isa = PBXFileReference; lastKnownFileType = sourcecode.swift; path = ViewController.swift; sourceTree = "<group>"; };
		05341CEA20B354230038EB41 /* Base */ = {isa = PBXFileReference; lastKnownFileType = file.storyboard; name = Base; path = Base.lproj/Main.storyboard; sourceTree = "<group>"; };
		05341CEC20B354260038EB41 /* Assets.xcassets */ = {isa = PBXFileReference; lastKnownFileType = folder.assetcatalog; path = Assets.xcassets; sourceTree = "<group>"; };
		05341CEF20B354260038EB41 /* Base */ = {isa = PBXFileReference; lastKnownFileType = file.storyboard; name = Base; path = Base.lproj/LaunchScreen.storyboard; sourceTree = "<group>"; };
		05341CF120B354260038EB41 /* Info.plist */ = {isa = PBXFileReference; lastKnownFileType = text.plist.xml; path = Info.plist; sourceTree = "<group>"; };
/* End PBXFileReference section */

/* Begin PBXFrameworksBuildPhase section */
		05341CDF20B354230038EB41 /* Frameworks */ = {
			isa = PBXFrameworksBuildPhase;
			buildActionMask = 2147483647;
			files = (
			);
			runOnlyForDeploymentPostprocessing = 0;
		};
/* End PBXFrameworksBuildPhase section */

/* Begin PBXGroup section */
		05341CD920B354230038EB41 = {
			isa = PBXGroup;
			children = (
				05341CE420B354230038EB41 /* UIDynamicsExample */,
				05341CE320B354230038EB41 /* Products */,
			);
			sourceTree = "<group>";
		};
		05341CE320B354230038EB41 /* Products */ = {
			isa = PBXGroup;
			children = (
				05341CE220B354230038EB41 /* UIDynamicsExample.app */,
			);
			name = Products;
			sourceTree = "<group>";
		};
		05341CE420B354230038EB41 /* UIDynamicsExample */ = {
			isa = PBXGroup;
			children = (
				05341CE520B354230038EB41 /* AppDelegate.swift */,
				05341CE720B354230038EB41 /* ViewController.swift */,
				05026CF820B3F1FC00C8F8DE /* GravityViewController.swift */,
				05026CFA20B4056800C8F8DE /* PushViewController.swift */,
				05026CFC20B4244700C8F8DE /* SnapViewController.swift */,
				05341CE920B354230038EB41 /* Main.storyboard */,
				05341CEC20B354260038EB41 /* Assets.xcassets */,
				05341CEE20B354260038EB41 /* LaunchScreen.storyboard */,
				05341CF120B354260038EB41 /* Info.plist */,
				05026CFE20B4259000C8F8DE /* SnapView.swift */,
				05026D0220B49E3C00C8F8DE /* ParticlesViewController.swift */,
			);
			path = UIDynamicsExample;
			sourceTree = "<group>";
		};
/* End PBXGroup section */

/* Begin PBXNativeTarget section */
		05341CE120B354230038EB41 /* UIDynamicsExample */ = {
			isa = PBXNativeTarget;
			buildConfigurationList = 05341CF420B354260038EB41 /* Build configuration list for PBXNativeTarget "UIDynamicsExample" */;
			buildPhases = (
				05341CDE20B354230038EB41 /* Sources */,
				05341CDF20B354230038EB41 /* Frameworks */,
				05341CE020B354230038EB41 /* Resources */,
			);
			buildRules = (
			);
			dependencies = (
			);
			name = UIDynamicsExample;
			productName = UIDynamicsExample;
			productReference = 05341CE220B354230038EB41 /* UIDynamicsExample.app */;
			productType = "com.apple.product-type.application";
		};
/* End PBXNativeTarget section */

/* Begin PBXProject section */
		05341CDA20B354230038EB41 /* Project object */ = {
			isa = PBXProject;
			attributes = {
				LastSwiftUpdateCheck = 0930;
				LastUpgradeCheck = 0930;
				ORGANIZATIONNAME = MakeSchool;
				TargetAttributes = {
					05341CE120B354230038EB41 = {
						CreatedOnToolsVersion = 9.3.1;
					};
				};
			};
			buildConfigurationList = 05341CDD20B354230038EB41 /* Build configuration list for PBXProject "UIDynamics&ParticlesExample" */;
			compatibilityVersion = "Xcode 9.3";
			developmentRegion = en;
			hasScannedForEncodings = 0;
			knownRegions = (
				en,
				Base,
			);
			mainGroup = 05341CD920B354230038EB41;
			productRefGroup = 05341CE320B354230038EB41 /* Products */;
			projectDirPath = "";
			projectRoot = "";
			targets = (
				05341CE120B354230038EB41 /* UIDynamicsExample */,
			);
		};
/* End PBXProject section */

/* Begin PBXResourcesBuildPhase section */
		05341CE020B354230038EB41 /* Resources */ = {
			isa = PBXResourcesBuildPhase;
			buildActionMask = 2147483647;
			files = (
				05341CF020B354260038EB41 /* LaunchScreen.storyboard in Resources */,
				05341CED20B354260038EB41 /* Assets.xcassets in Resources */,
				05341CEB20B354230038EB41 /* Main.storyboard in Resources */,
			);
			runOnlyForDeploymentPostprocessing = 0;
		};
/* End PBXResourcesBuildPhase section */

/* Begin PBXSourcesBuildPhase section */
		05341CDE20B354230038EB41 /* Sources */ = {
			isa = PBXSourcesBuildPhase;
			buildActionMask = 2147483647;
			files = (
				05026D0320B49E3C00C8F8DE /* ParticlesViewController.swift in Sources */,
				05026CFD20B4244700C8F8DE /* SnapViewController.swift in Sources */,
				05341CE820B354230038EB41 /* ViewController.swift in Sources */,
				05026CFF20B4259000C8F8DE /* SnapView.swift in Sources */,
				05341CE620B354230038EB41 /* AppDelegate.swift in Sources */,
				05026CFB20B4056800C8F8DE /* PushViewController.swift in Sources */,
				05026CF920B3F1FC00C8F8DE /* GravityViewController.swift in Sources */,
			);
			runOnlyForDeploymentPostprocessing = 0;
		};
/* End PBXSourcesBuildPhase section */

/* Begin PBXVariantGroup section */
		05341CE920B354230038EB41 /* Main.storyboard */ = {
			isa = PBXVariantGroup;
			children = (
				05341CEA20B354230038EB41 /* Base */,
			);
			name = Main.storyboard;
			sourceTree = "<group>";
		};
		05341CEE20B354260038EB41 /* LaunchScreen.storyboard */ = {
			isa = PBXVariantGroup;
			children = (
				05341CEF20B354260038EB41 /* Base */,
			);
			name = LaunchScreen.storyboard;
			sourceTree = "<group>";
		};
/* End PBXVariantGroup section */

/* Begin XCBuildConfiguration section */
		05341CF220B354260038EB41 /* Development */ = {
			isa = XCBuildConfiguration;
			buildSettings = {
				ALWAYS_SEARCH_USER_PATHS = NO;
				CLANG_ANALYZER_NONNULL = YES;
				CLANG_ANALYZER_NUMBER_OBJECT_CONVERSION = YES_AGGRESSIVE;
				CLANG_CXX_LANGUAGE_STANDARD = "gnu++14";
				CLANG_CXX_LIBRARY = "libc++";
				CLANG_ENABLE_MODULES = YES;
				CLANG_ENABLE_OBJC_ARC = YES;
				CLANG_ENABLE_OBJC_WEAK = YES;
				CLANG_WARN_BLOCK_CAPTURE_AUTORELEASING = YES;
				CLANG_WARN_BOOL_CONVERSION = YES;
				CLANG_WARN_COMMA = YES;
				CLANG_WARN_CONSTANT_CONVERSION = YES;
				CLANG_WARN_DEPRECATED_OBJC_IMPLEMENTATIONS = YES;
				CLANG_WARN_DIRECT_OBJC_ISA_USAGE = YES_ERROR;
				CLANG_WARN_DOCUMENTATION_COMMENTS = YES;
				CLANG_WARN_EMPTY_BODY = YES;
				CLANG_WARN_ENUM_CONVERSION = YES;
				CLANG_WARN_INFINITE_RECURSION = YES;
				CLANG_WARN_INT_CONVERSION = YES;
				CLANG_WARN_NON_LITERAL_NULL_CONVERSION = YES;
				CLANG_WARN_OBJC_IMPLICIT_RETAIN_SELF = YES;
				CLANG_WARN_OBJC_LITERAL_CONVERSION = YES;
				CLANG_WARN_OBJC_ROOT_CLASS = YES_ERROR;
				CLANG_WARN_RANGE_LOOP_ANALYSIS = YES;
				CLANG_WARN_STRICT_PROTOTYPES = YES;
				CLANG_WARN_SUSPICIOUS_MOVE = YES;
				CLANG_WARN_UNGUARDED_AVAILABILITY = YES_AGGRESSIVE;
				CLANG_WARN_UNREACHABLE_CODE = YES;
				CLANG_WARN__DUPLICATE_METHOD_MATCH = YES;
				CODE_SIGN_IDENTITY = "iPhone Developer";
				COPY_PHASE_STRIP = NO;
				DEBUG_INFORMATION_FORMAT = dwarf;
				ENABLE_STRICT_OBJC_MSGSEND = YES;
				ENABLE_TESTABILITY = YES;
				GCC_C_LANGUAGE_STANDARD = gnu11;
				GCC_DYNAMIC_NO_PIC = NO;
				GCC_NO_COMMON_BLOCKS = YES;
				GCC_OPTIMIZATION_LEVEL = 0;
				GCC_PREPROCESSOR_DEFINITIONS = (
					"DEBUG=1",
					"$(inherited)",
				);
				GCC_WARN_64_TO_32_BIT_CONVERSION = YES;
				GCC_WARN_ABOUT_RETURN_TYPE = YES_ERROR;
				GCC_WARN_UNDECLARED_SELECTOR = YES;
				GCC_WARN_UNINITIALIZED_AUTOS = YES_AGGRESSIVE;
				GCC_WARN_UNUSED_FUNCTION = YES;
				GCC_WARN_UNUSED_VARIABLE = YES;
				IPHONEOS_DEPLOYMENT_TARGET = 11.3;
				MTL_ENABLE_DEBUG_INFO = YES;
				ONLY_ACTIVE_ARCH = YES;
				SDKROOT = iphoneos;
				SWIFT_ACTIVE_COMPILATION_CONDITIONS = DEBUG;
				SWIFT_OPTIMIZATION_LEVEL = "-Onone";
			};
			name = Development;
		};
		05341CF320B354260038EB41 /* Production */ = {
			isa = XCBuildConfiguration;
			buildSettings = {
				ALWAYS_SEARCH_USER_PATHS = NO;
				CLANG_ANALYZER_NONNULL = YES;
				CLANG_ANALYZER_NUMBER_OBJECT_CONVERSION = YES_AGGRESSIVE;
				CLANG_CXX_LANGUAGE_STANDARD = "gnu++14";
				CLANG_CXX_LIBRARY = "libc++";
				CLANG_ENABLE_MODULES = YES;
				CLANG_ENABLE_OBJC_ARC = YES;
				CLANG_ENABLE_OBJC_WEAK = YES;
				CLANG_WARN_BLOCK_CAPTURE_AUTORELEASING = YES;
				CLANG_WARN_BOOL_CONVERSION = YES;
				CLANG_WARN_COMMA = YES;
				CLANG_WARN_CONSTANT_CONVERSION = YES;
				CLANG_WARN_DEPRECATED_OBJC_IMPLEMENTATIONS = YES;
				CLANG_WARN_DIRECT_OBJC_ISA_USAGE = YES_ERROR;
				CLANG_WARN_DOCUMENTATION_COMMENTS = YES;
				CLANG_WARN_EMPTY_BODY = YES;
				CLANG_WARN_ENUM_CONVERSION = YES;
				CLANG_WARN_INFINITE_RECURSION = YES;
				CLANG_WARN_INT_CONVERSION = YES;
				CLANG_WARN_NON_LITERAL_NULL_CONVERSION = YES;
				CLANG_WARN_OBJC_IMPLICIT_RETAIN_SELF = YES;
				CLANG_WARN_OBJC_LITERAL_CONVERSION = YES;
				CLANG_WARN_OBJC_ROOT_CLASS = YES_ERROR;
				CLANG_WARN_RANGE_LOOP_ANALYSIS = YES;
				CLANG_WARN_STRICT_PROTOTYPES = YES;
				CLANG_WARN_SUSPICIOUS_MOVE = YES;
				CLANG_WARN_UNGUARDED_AVAILABILITY = YES_AGGRESSIVE;
				CLANG_WARN_UNREACHABLE_CODE = YES;
				CLANG_WARN__DUPLICATE_METHOD_MATCH = YES;
				CODE_SIGN_IDENTITY = "iPhone Developer";
				COPY_PHASE_STRIP = NO;
				DEBUG_INFORMATION_FORMAT = "dwarf-with-dsym";
				ENABLE_NS_ASSERTIONS = NO;
				ENABLE_STRICT_OBJC_MSGSEND = YES;
				GCC_C_LANGUAGE_STANDARD = gnu11;
				GCC_NO_COMMON_BLOCKS = YES;
				GCC_WARN_64_TO_32_BIT_CONVERSION = YES;
				GCC_WARN_ABOUT_RETURN_TYPE = YES_ERROR;
				GCC_WARN_UNDECLARED_SELECTOR = YES;
				GCC_WARN_UNINITIALIZED_AUTOS = YES_AGGRESSIVE;
				GCC_WARN_UNUSED_FUNCTION = YES;
				GCC_WARN_UNUSED_VARIABLE = YES;
				IPHONEOS_DEPLOYMENT_TARGET = 11.3;
				MTL_ENABLE_DEBUG_INFO = NO;
				SDKROOT = iphoneos;
				SWIFT_COMPILATION_MODE = wholemodule;
				SWIFT_OPTIMIZATION_LEVEL = "-O";
				VALIDATE_PRODUCT = YES;
			};
			name = Production;
		};
		05341CF520B354260038EB41 /* Development */ = {
			isa = XCBuildConfiguration;
			buildSettings = {
				ASSETCATALOG_COMPILER_APPICON_NAME = AppIcon;
				CODE_SIGN_STYLE = Automatic;
				DEVELOPMENT_TEAM = F7AL96RPTB;
				INFOPLIST_FILE = UIDynamicsExample/Info.plist;
				LD_RUNPATH_SEARCH_PATHS = (
					"$(inherited)",
					"@executable_path/Frameworks",
				);
				PRODUCT_BUNDLE_IDENTIFIER = com.makeschool.UIDynamicsExample;
				PRODUCT_NAME = "$(TARGET_NAME)";
				SWIFT_VERSION = 4.0;
				TARGETED_DEVICE_FAMILY = "1,2";
			};
			name = Development;
		};
		05341CF620B354260038EB41 /* Production */ = {
			isa = XCBuildConfiguration;
			buildSettings = {
				ASSETCATALOG_COMPILER_APPICON_NAME = AppIcon;
				CODE_SIGN_STYLE = Automatic;
				DEVELOPMENT_TEAM = F7AL96RPTB;
				INFOPLIST_FILE = UIDynamicsExample/Info.plist;
				LD_RUNPATH_SEARCH_PATHS = (
					"$(inherited)",
					"@executable_path/Frameworks",
				);
				PRODUCT_BUNDLE_IDENTIFIER = com.makeschool.UIDynamicsExample;
				PRODUCT_NAME = "$(TARGET_NAME)";
				SWIFT_VERSION = 4.0;
				TARGETED_DEVICE_FAMILY = "1,2";
			};
			name = Production;
		};
/* End XCBuildConfiguration section */

/* Begin XCConfigurationList section */
		05341CDD20B354230038EB41 /* Build configuration list for PBXProject "UIDynamics&ParticlesExample" */ = {
			isa = XCConfigurationList;
			buildConfigurations = (
				05341CF220B354260038EB41 /* Development */,
				05341CF320B354260038EB41 /* Production */,
			);
			defaultConfigurationIsVisible = 0;
			defaultConfigurationName = Development;
		};
		05341CF420B354260038EB41 /* Build configuration list for PBXNativeTarget "UIDynamicsExample" */ = {
			isa = XCConfigurationList;
			buildConfigurations = (
				05341CF520B354260038EB41 /* Development */,
				05341CF620B354260038EB41 /* Production */,
			);
			defaultConfigurationIsVisible = 0;
			defaultConfigurationName = Development;
		};
/* End XCConfigurationList section */
	};
	rootObject = 05341CDA20B354230038EB41 /* Project object */;
}
