// !$*UTF8*$!
{
	archiveVersion = 1;
	classes = {
	};
	objectVersion = 48;
	objects = {

/* Begin PBXBuildFile section */
		051CECB11FA7135D00FB01FA /* robo-profiles.json in Resources */ = {isa = PBXBuildFile; fileRef = 051CECB01FA7135D00FB01FA /* robo-profiles.json */; };
		05966F751FA307E2005012B2 /* AppDelegate.swift in Sources */ = {isa = PBXBuildFile; fileRef = 05966F741FA307E2005012B2 /* AppDelegate.swift */; };
		05966F771FA307E2005012B2 /* ViewController.swift in Sources */ = {isa = PBXBuildFile; fileRef = 05966F761FA307E2005012B2 /* ViewController.swift */; };
		05966F7A1FA307E2005012B2 /* Main.storyboard in Resources */ = {isa = PBXBuildFile; fileRef = 05966F781FA307E2005012B2 /* Main.storyboard */; };
		05966F7C1FA307E2005012B2 /* Assets.xcassets in Resources */ = {isa = PBXBuildFile; fileRef = 05966F7B1FA307E2005012B2 /* Assets.xcassets */; };
		05966F7F1FA307E2005012B2 /* LaunchScreen.storyboard in Resources */ = {isa = PBXBuildFile; fileRef = 05966F7D1FA307E2005012B2 /* LaunchScreen.storyboard */; };
/* End PBXBuildFile section */

/* Begin PBXFileReference section */
		051CECB01FA7135D00FB01FA /* robo-profiles.json */ = {isa = PBXFileReference; fileEncoding = 4; lastKnownFileType = text.json; path = "robo-profiles.json"; sourceTree = SOURCE_ROOT; };
		05966F711FA307E2005012B2 /* AppBundleReader.app */ = {isa = PBXFileReference; explicitFileType = wrapper.application; includeInIndex = 0; path = AppBundleReader.app; sourceTree = BUILT_PRODUCTS_DIR; };
		05966F741FA307E2005012B2 /* AppDelegate.swift */ = {isa = PBXFileReference; lastKnownFileType = sourcecode.swift; path = AppDelegate.swift; sourceTree = "<group>"; };
		05966F761FA307E2005012B2 /* ViewController.swift */ = {isa = PBXFileReference; lastKnownFileType = sourcecode.swift; path = ViewController.swift; sourceTree = "<group>"; };
		05966F791FA307E2005012B2 /* Base */ = {isa = PBXFileReference; lastKnownFileType = file.storyboard; name = Base; path = Base.lproj/Main.storyboard; sourceTree = "<group>"; };
		05966F7B1FA307E2005012B2 /* Assets.xcassets */ = {isa = PBXFileReference; lastKnownFileType = folder.assetcatalog; path = Assets.xcassets; sourceTree = "<group>"; };
		05966F7E1FA307E2005012B2 /* Base */ = {isa = PBXFileReference; lastKnownFileType = file.storyboard; name = Base; path = Base.lproj/LaunchScreen.storyboard; sourceTree = "<group>"; };
		05966F801FA307E2005012B2 /* Info.plist */ = {isa = PBXFileReference; lastKnownFileType = text.plist.xml; path = Info.plist; sourceTree = "<group>"; };
/* End PBXFileReference section */

/* Begin PBXFrameworksBuildPhase section */
		05966F6E1FA307E2005012B2 /* Frameworks */ = {
			isa = PBXFrameworksBuildPhase;
			buildActionMask = 2147483647;
			files = (
			);
			runOnlyForDeploymentPostprocessing = 0;
		};
/* End PBXFrameworksBuildPhase section */

/* Begin PBXGroup section */
		05966F681FA307E2005012B2 = {
			isa = PBXGroup;
			children = (
				05966F731FA307E2005012B2 /* AppBundleReader */,
				05966F721FA307E2005012B2 /* Products */,
			);
			sourceTree = "<group>";
		};
		05966F721FA307E2005012B2 /* Products */ = {
			isa = PBXGroup;
			children = (
				05966F711FA307E2005012B2 /* AppBundleReader.app */,
			);
			name = Products;
			sourceTree = "<group>";
		};
		05966F731FA307E2005012B2 /* AppBundleReader */ = {
			isa = PBXGroup;
			children = (
				051CECB01FA7135D00FB01FA /* robo-profiles.json */,
				05966F741FA307E2005012B2 /* AppDelegate.swift */,
				05966F761FA307E2005012B2 /* ViewController.swift */,
				05966F781FA307E2005012B2 /* Main.storyboard */,
				05966F7B1FA307E2005012B2 /* Assets.xcassets */,
				05966F7D1FA307E2005012B2 /* LaunchScreen.storyboard */,
				05966F801FA307E2005012B2 /* Info.plist */,
			);
			path = AppBundleReader;
			sourceTree = "<group>";
		};
/* End PBXGroup section */

/* Begin PBXNativeTarget section */
		05966F701FA307E2005012B2 /* AppBundleReader */ = {
			isa = PBXNativeTarget;
			buildConfigurationList = 05966F831FA307E2005012B2 /* Build configuration list for PBXNativeTarget "AppBundleReader" */;
			buildPhases = (
				05966F6D1FA307E2005012B2 /* Sources */,
				05966F6E1FA307E2005012B2 /* Frameworks */,
				05966F6F1FA307E2005012B2 /* Resources */,
			);
			buildRules = (
			);
			dependencies = (
			);
			name = AppBundleReader;
			productName = AppBundleReader;
			productReference = 05966F711FA307E2005012B2 /* AppBundleReader.app */;
			productType = "com.apple.product-type.application";
		};
/* End PBXNativeTarget section */

/* Begin PBXProject section */
		05966F691FA307E2005012B2 /* Project object */ = {
			isa = PBXProject;
			attributes = {
				LastSwiftUpdateCheck = 0900;
				LastUpgradeCheck = 0900;
				ORGANIZATIONNAME = "Eliel Gordon";
				TargetAttributes = {
					05966F701FA307E2005012B2 = {
						CreatedOnToolsVersion = 9.0.1;
						ProvisioningStyle = Automatic;
					};
				};
			};
			buildConfigurationList = 05966F6C1FA307E2005012B2 /* Build configuration list for PBXProject "AppBundleReader" */;
			compatibilityVersion = "Xcode 8.0";
			developmentRegion = en;
			hasScannedForEncodings = 0;
			knownRegions = (
				en,
				Base,
			);
			mainGroup = 05966F681FA307E2005012B2;
			productRefGroup = 05966F721FA307E2005012B2 /* Products */;
			projectDirPath = "";
			projectRoot = "";
			targets = (
				05966F701FA307E2005012B2 /* AppBundleReader */,
			);
		};
/* End PBXProject section */

/* Begin PBXResourcesBuildPhase section */
		05966F6F1FA307E2005012B2 /* Resources */ = {
			isa = PBXResourcesBuildPhase;
			buildActionMask = 2147483647;
			files = (
				05966F7F1FA307E2005012B2 /* LaunchScreen.storyboard in Resources */,
				051CECB11FA7135D00FB01FA /* robo-profiles.json in Resources */,
				05966F7C1FA307E2005012B2 /* Assets.xcassets in Resources */,
				05966F7A1FA307E2005012B2 /* Main.storyboard in Resources */,
			);
			runOnlyForDeploymentPostprocessing = 0;
		};
/* End PBXResourcesBuildPhase section */

/* Begin PBXSourcesBuildPhase section */
		05966F6D1FA307E2005012B2 /* Sources */ = {
			isa = PBXSourcesBuildPhase;
			buildActionMask = 2147483647;
			files = (
				05966F771FA307E2005012B2 /* ViewController.swift in Sources */,
				05966F751FA307E2005012B2 /* AppDelegate.swift in Sources */,
			);
			runOnlyForDeploymentPostprocessing = 0;
		};
/* End PBXSourcesBuildPhase section */

/* Begin PBXVariantGroup section */
		05966F781FA307E2005012B2 /* Main.storyboard */ = {
			isa = PBXVariantGroup;
			children = (
				05966F791FA307E2005012B2 /* Base */,
			);
			name = Main.storyboard;
			sourceTree = "<group>";
		};
		05966F7D1FA307E2005012B2 /* LaunchScreen.storyboard */ = {
			isa = PBXVariantGroup;
			children = (
				05966F7E1FA307E2005012B2 /* Base */,
			);
			name = LaunchScreen.storyboard;
			sourceTree = "<group>";
		};
/* End PBXVariantGroup section */

/* Begin XCBuildConfiguration section */
		05966F811FA307E2005012B2 /* Debug */ = {
			isa = XCBuildConfiguration;
			buildSettings = {
				ALWAYS_SEARCH_USER_PATHS = NO;
				CLANG_ANALYZER_NONNULL = YES;
				CLANG_ANALYZER_NUMBER_OBJECT_CONVERSION = YES_AGGRESSIVE;
				CLANG_CXX_LANGUAGE_STANDARD = "gnu++14";
				CLANG_CXX_LIBRARY = "libc++";
				CLANG_ENABLE_MODULES = YES;
				CLANG_ENABLE_OBJC_ARC = YES;
				CLANG_WARN_BLOCK_CAPTURE_AUTORELEASING = YES;
				CLANG_WARN_BOOL_CONVERSION = YES;
				CLANG_WARN_COMMA = YES;
				CLANG_WARN_CONSTANT_CONVERSION = YES;
				CLANG_WARN_DIRECT_OBJC_ISA_USAGE = YES_ERROR;
				CLANG_WARN_DOCUMENTATION_COMMENTS = YES;
				CLANG_WARN_EMPTY_BODY = YES;
				CLANG_WARN_ENUM_CONVERSION = YES;
				CLANG_WARN_INFINITE_RECURSION = YES;
				CLANG_WARN_INT_CONVERSION = YES;
				CLANG_WARN_NON_LITERAL_NULL_CONVERSION = YES;
				CLANG_WARN_OBJC_LITERAL_CONVERSION = YES;
				CLANG_WARN_OBJC_ROOT_CLASS = YES_ERROR;
				CLANG_WARN_RANGE_LOOP_ANALYSIS = YES;
				CLANG_WARN_STRICT_PROTOTYPES = YES;
				CLANG_WARN_SUSPICIOUS_MOVE = YES;
				CLANG_WARN_UNGUARDED_AVAILABILITY = YES_AGGRESSIVE;
				CLANG_WARN_UNREACHABLE_CODE = YES;
				CLANG_WARN__DUPLICATE_METHOD_MATCH = YES;
				CODE_SIGN_IDENTITY = "iPhone Developer";
				COPY_PHASE_STRIP = NO;
				DEBUG_INFORMATION_FORMAT = dwarf;
				ENABLE_STRICT_OBJC_MSGSEND = YES;
				ENABLE_TESTABILITY = YES;
				GCC_C_LANGUAGE_STANDARD = gnu11;
				GCC_DYNAMIC_NO_PIC = NO;
				GCC_NO_COMMON_BLOCKS = YES;
				GCC_OPTIMIZATION_LEVEL = 0;
				GCC_PREPROCESSOR_DEFINITIONS = (
					"DEBUG=1",
					"$(inherited)",
				);
				GCC_WARN_64_TO_32_BIT_CONVERSION = YES;
				GCC_WARN_ABOUT_RETURN_TYPE = YES_ERROR;
				GCC_WARN_UNDECLARED_SELECTOR = YES;
				GCC_WARN_UNINITIALIZED_AUTOS = YES_AGGRESSIVE;
				GCC_WARN_UNUSED_FUNCTION = YES;
				GCC_WARN_UNUSED_VARIABLE = YES;
				IPHONEOS_DEPLOYMENT_TARGET = 11.0;
				MTL_ENABLE_DEBUG_INFO = YES;
				ONLY_ACTIVE_ARCH = YES;
				SDKROOT = iphoneos;
				SWIFT_ACTIVE_COMPILATION_CONDITIONS = DEBUG;
				SWIFT_OPTIMIZATION_LEVEL = "-Onone";
			};
			name = Debug;
		};
		05966F821FA307E2005012B2 /* Release */ = {
			isa = XCBuildConfiguration;
			buildSettings = {
				ALWAYS_SEARCH_USER_PATHS = NO;
				CLANG_ANALYZER_NONNULL = YES;
				CLANG_ANALYZER_NUMBER_OBJECT_CONVERSION = YES_AGGRESSIVE;
				CLANG_CXX_LANGUAGE_STANDARD = "gnu++14";
				CLANG_CXX_LIBRARY = "libc++";
				CLANG_ENABLE_MODULES = YES;
				CLANG_ENABLE_OBJC_ARC = YES;
				CLANG_WARN_BLOCK_CAPTURE_AUTORELEASING = YES;
				CLANG_WARN_BOOL_CONVERSION = YES;
				CLANG_WARN_COMMA = YES;
				CLANG_WARN_CONSTANT_CONVERSION = YES;
				CLANG_WARN_DIRECT_OBJC_ISA_USAGE = YES_ERROR;
				CLANG_WARN_DOCUMENTATION_COMMENTS = YES;
				CLANG_WARN_EMPTY_BODY = YES;
				CLANG_WARN_ENUM_CONVERSION = YES;
				CLANG_WARN_INFINITE_RECURSION = YES;
				CLANG_WARN_INT_CONVERSION = YES;
				CLANG_WARN_NON_LITERAL_NULL_CONVERSION = YES;
				CLANG_WARN_OBJC_LITERAL_CONVERSION = YES;
				CLANG_WARN_OBJC_ROOT_CLASS = YES_ERROR;
				CLANG_WARN_RANGE_LOOP_ANALYSIS = YES;
				CLANG_WARN_STRICT_PROTOTYPES = YES;
				CLANG_WARN_SUSPICIOUS_MOVE = YES;
				CLANG_WARN_UNGUARDED_AVAILABILITY = YES_AGGRESSIVE;
				CLANG_WARN_UNREACHABLE_CODE = YES;
				CLANG_WARN__DUPLICATE_METHOD_MATCH = YES;
				CODE_SIGN_IDENTITY = "iPhone Developer";
				COPY_PHASE_STRIP = NO;
				DEBUG_INFORMATION_FORMAT = "dwarf-with-dsym";
				ENABLE_NS_ASSERTIONS = NO;
				ENABLE_STRICT_OBJC_MSGSEND = YES;
				GCC_C_LANGUAGE_STANDARD = gnu11;
				GCC_NO_COMMON_BLOCKS = YES;
				GCC_WARN_64_TO_32_BIT_CONVERSION = YES;
				GCC_WARN_ABOUT_RETURN_TYPE = YES_ERROR;
				GCC_WARN_UNDECLARED_SELECTOR = YES;
				GCC_WARN_UNINITIALIZED_AUTOS = YES_AGGRESSIVE;
				GCC_WARN_UNUSED_FUNCTION = YES;
				GCC_WARN_UNUSED_VARIABLE = YES;
				IPHONEOS_DEPLOYMENT_TARGET = 11.0;
				MTL_ENABLE_DEBUG_INFO = NO;
				SDKROOT = iphoneos;
				SWIFT_OPTIMIZATION_LEVEL = "-Owholemodule";
				VALIDATE_PRODUCT = YES;
			};
			name = Release;
		};
		05966F841FA307E2005012B2 /* Debug */ = {
			isa = XCBuildConfiguration;
			buildSettings = {
				ASSETCATALOG_COMPILER_APPICON_NAME = AppIcon;
				CODE_SIGN_STYLE = Automatic;
				DEVELOPMENT_TEAM = F7AL96RPTB;
				INFOPLIST_FILE = AppBundleReader/Info.plist;
				LD_RUNPATH_SEARCH_PATHS = "$(inherited) @executable_path/Frameworks";
				PRODUCT_BUNDLE_IDENTIFIER = com.makeschool.AppBundleReader;
				PRODUCT_NAME = "$(TARGET_NAME)";
				SWIFT_VERSION = 4.0;
				TARGETED_DEVICE_FAMILY = "1,2";
			};
			name = Debug;
		};
		05966F851FA307E2005012B2 /* Release */ = {
			isa = XCBuildConfiguration;
			buildSettings = {
				ASSETCATALOG_COMPILER_APPICON_NAME = AppIcon;
				CODE_SIGN_STYLE = Automatic;
				DEVELOPMENT_TEAM = F7AL96RPTB;
				INFOPLIST_FILE = AppBundleReader/Info.plist;
				LD_RUNPATH_SEARCH_PATHS = "$(inherited) @executable_path/Frameworks";
				PRODUCT_BUNDLE_IDENTIFIER = com.makeschool.AppBundleReader;
				PRODUCT_NAME = "$(TARGET_NAME)";
				SWIFT_VERSION = 4.0;
				TARGETED_DEVICE_FAMILY = "1,2";
			};
			name = Release;
		};
/* End XCBuildConfiguration section */

/* Begin XCConfigurationList section */
		05966F6C1FA307E2005012B2 /* Build configuration list for PBXProject "AppBundleReader" */ = {
			isa = XCConfigurationList;
			buildConfigurations = (
				05966F811FA307E2005012B2 /* Debug */,
				05966F821FA307E2005012B2 /* Release */,
			);
			defaultConfigurationIsVisible = 0;
			defaultConfigurationName = Release;
		};
		05966F831FA307E2005012B2 /* Build configuration list for PBXNativeTarget "AppBundleReader" */ = {
			isa = XCConfigurationList;
			buildConfigurations = (
				05966F841FA307E2005012B2 /* Debug */,
				05966F851FA307E2005012B2 /* Release */,
			);
			defaultConfigurationIsVisible = 0;
			defaultConfigurationName = Release;
		};
/* End XCConfigurationList section */
	};
	rootObject = 05966F691FA307E2005012B2 /* Project object */;
}
