// !$*UTF8*$!
{
	archiveVersion = 1;
	classes = {
	};
	objectVersion = 50;
	objects = {

/* Begin PBXBuildFile section */
		44C6DC08226FA12200F350EA /* AppDelegate.swift in Sources */ = {isa = PBXBuildFile; fileRef = 44C6DC07226FA12200F350EA /* AppDelegate.swift */; };
		44C6DC0D226FA12200F350EA /* Main.storyboard in Resources */ = {isa = PBXBuildFile; fileRef = 44C6DC0B226FA12200F350EA /* Main.storyboard */; };
		44C6DC0F226FA12300F350EA /* Assets.xcassets in Resources */ = {isa = PBXBuildFile; fileRef = 44C6DC0E226FA12300F350EA /* Assets.xcassets */; };
		44C6DC12226FA12300F350EA /* LaunchScreen.storyboard in Resources */ = {isa = PBXBuildFile; fileRef = 44C6DC10226FA12300F350EA /* LaunchScreen.storyboard */; };
		44C6DC1D226FA12300F350EA /* iOS_NewsAppTests.swift in Sources */ = {isa = PBXBuildFile; fileRef = 44C6DC1C226FA12300F350EA /* iOS_NewsAppTests.swift */; };
		44C6DC28226FA12300F350EA /* iOS_NewsAppUITests.swift in Sources */ = {isa = PBXBuildFile; fileRef = 44C6DC27226FA12300F350EA /* iOS_NewsAppUITests.swift */; };
		44C6DC37226FA1EB00F350EA /* SourceViewController.swift in Sources */ = {isa = PBXBuildFile; fileRef = 44C6DC36226FA1EB00F350EA /* SourceViewController.swift */; };
		44C6DC3C226FA1F400F350EA /* SourceItem.swift in Sources */ = {isa = PBXBuildFile; fileRef = 44C6DC3A226FA1F400F350EA /* SourceItem.swift */; };
		44C6DC3F226FA1FF00F350EA /* NewsFeedCell.swift in Sources */ = {isa = PBXBuildFile; fileRef = 44C6DC3E226FA1FF00F350EA /* NewsFeedCell.swift */; };
/* End PBXBuildFile section */

/* Begin PBXContainerItemProxy section */
		44C6DC19226FA12300F350EA /* PBXContainerItemProxy */ = {
			isa = PBXContainerItemProxy;
			containerPortal = 44C6DBFC226FA12200F350EA /* Project object */;
			proxyType = 1;
			remoteGlobalIDString = 44C6DC03226FA12200F350EA;
			remoteInfo = "iOS-NewsApp";
		};
		44C6DC24226FA12300F350EA /* PBXContainerItemProxy */ = {
			isa = PBXContainerItemProxy;
			containerPortal = 44C6DBFC226FA12200F350EA /* Project object */;
			proxyType = 1;
			remoteGlobalIDString = 44C6DC03226FA12200F350EA;
			remoteInfo = "iOS-NewsApp";
		};
/* End PBXContainerItemProxy section */

/* Begin PBXFileReference section */
		44C6DC04226FA12200F350EA /* iOS-NewsApp.app */ = {isa = PBXFileReference; explicitFileType = wrapper.application; includeInIndex = 0; path = "iOS-NewsApp.app"; sourceTree = BUILT_PRODUCTS_DIR; };
		44C6DC07226FA12200F350EA /* AppDelegate.swift */ = {isa = PBXFileReference; lastKnownFileType = sourcecode.swift; path = AppDelegate.swift; sourceTree = "<group>"; };
		44C6DC0C226FA12200F350EA /* Base */ = {isa = PBXFileReference; lastKnownFileType = file.storyboard; name = Base; path = Base.lproj/Main.storyboard; sourceTree = "<group>"; };
		44C6DC0E226FA12300F350EA /* Assets.xcassets */ = {isa = PBXFileReference; lastKnownFileType = folder.assetcatalog; path = Assets.xcassets; sourceTree = "<group>"; };
		44C6DC11226FA12300F350EA /* Base */ = {isa = PBXFileReference; lastKnownFileType = file.storyboard; name = Base; path = Base.lproj/LaunchScreen.storyboard; sourceTree = "<group>"; };
		44C6DC13226FA12300F350EA /* Info.plist */ = {isa = PBXFileReference; lastKnownFileType = text.plist.xml; path = Info.plist; sourceTree = "<group>"; };
		44C6DC18226FA12300F350EA /* iOS-NewsAppTests.xctest */ = {isa = PBXFileReference; explicitFileType = wrapper.cfbundle; includeInIndex = 0; path = "iOS-NewsAppTests.xctest"; sourceTree = BUILT_PRODUCTS_DIR; };
		44C6DC1C226FA12300F350EA /* iOS_NewsAppTests.swift */ = {isa = PBXFileReference; lastKnownFileType = sourcecode.swift; path = iOS_NewsAppTests.swift; sourceTree = "<group>"; };
		44C6DC1E226FA12300F350EA /* Info.plist */ = {isa = PBXFileReference; lastKnownFileType = text.plist.xml; path = Info.plist; sourceTree = "<group>"; };
		44C6DC23226FA12300F350EA /* iOS-NewsAppUITests.xctest */ = {isa = PBXFileReference; explicitFileType = wrapper.cfbundle; includeInIndex = 0; path = "iOS-NewsAppUITests.xctest"; sourceTree = BUILT_PRODUCTS_DIR; };
		44C6DC27226FA12300F350EA /* iOS_NewsAppUITests.swift */ = {isa = PBXFileReference; lastKnownFileType = sourcecode.swift; path = iOS_NewsAppUITests.swift; sourceTree = "<group>"; };
		44C6DC29226FA12300F350EA /* Info.plist */ = {isa = PBXFileReference; lastKnownFileType = text.plist.xml; path = Info.plist; sourceTree = "<group>"; };
		44C6DC36226FA1EB00F350EA /* SourceViewController.swift */ = {isa = PBXFileReference; fileEncoding = 4; lastKnownFileType = sourcecode.swift; path = SourceViewController.swift; sourceTree = "<group>"; };
		44C6DC3A226FA1F400F350EA /* SourceItem.swift */ = {isa = PBXFileReference; fileEncoding = 4; lastKnownFileType = sourcecode.swift; path = SourceItem.swift; sourceTree = "<group>"; };
		44C6DC3E226FA1FF00F350EA /* NewsFeedCell.swift */ = {isa = PBXFileReference; fileEncoding = 4; lastKnownFileType = sourcecode.swift; path = NewsFeedCell.swift; sourceTree = "<group>"; };
/* End PBXFileReference section */

/* Begin PBXFrameworksBuildPhase section */
		44C6DC01226FA12200F350EA /* Frameworks */ = {
			isa = PBXFrameworksBuildPhase;
			buildActionMask = 2147483647;
			files = (
			);
			runOnlyForDeploymentPostprocessing = 0;
		};
		44C6DC15226FA12300F350EA /* Frameworks */ = {
			isa = PBXFrameworksBuildPhase;
			buildActionMask = 2147483647;
			files = (
			);
			runOnlyForDeploymentPostprocessing = 0;
		};
		44C6DC20226FA12300F350EA /* Frameworks */ = {
			isa = PBXFrameworksBuildPhase;
			buildActionMask = 2147483647;
			files = (
			);
			runOnlyForDeploymentPostprocessing = 0;
		};
/* End PBXFrameworksBuildPhase section */

/* Begin PBXGroup section */
		44C6DBFB226FA12200F350EA = {
			isa = PBXGroup;
			children = (
				44C6DC06226FA12200F350EA /* iOS-NewsApp */,
				44C6DC1B226FA12300F350EA /* iOS-NewsAppTests */,
				44C6DC26226FA12300F350EA /* iOS-NewsAppUITests */,
				44C6DC05226FA12200F350EA /* Products */,
			);
			sourceTree = "<group>";
		};
		44C6DC05226FA12200F350EA /* Products */ = {
			isa = PBXGroup;
			children = (
				44C6DC04226FA12200F350EA /* iOS-NewsApp.app */,
				44C6DC18226FA12300F350EA /* iOS-NewsAppTests.xctest */,
				44C6DC23226FA12300F350EA /* iOS-NewsAppUITests.xctest */,
			);
			name = Products;
			sourceTree = "<group>";
		};
		44C6DC06226FA12200F350EA /* iOS-NewsApp */ = {
			isa = PBXGroup;
			children = (
				44C6DC38226FA1F400F350EA /* model */,
				44C6DC3D226FA1FF00F350EA /* views */,
				44C6DC35226FA1EB00F350EA /* controllers */,
				44C6DC07226FA12200F350EA /* AppDelegate.swift */,
				44C6DC0B226FA12200F350EA /* Main.storyboard */,
				44C6DC10226FA12300F350EA /* LaunchScreen.storyboard */,
				44C6DC0E226FA12300F350EA /* Assets.xcassets */,
				44C6DC13226FA12300F350EA /* Info.plist */,
			);
			path = "iOS-NewsApp";
			sourceTree = "<group>";
		};
		44C6DC1B226FA12300F350EA /* iOS-NewsAppTests */ = {
			isa = PBXGroup;
			children = (
				44C6DC1C226FA12300F350EA /* iOS_NewsAppTests.swift */,
				44C6DC1E226FA12300F350EA /* Info.plist */,
			);
			path = "iOS-NewsAppTests";
			sourceTree = "<group>";
		};
		44C6DC26226FA12300F350EA /* iOS-NewsAppUITests */ = {
			isa = PBXGroup;
			children = (
				44C6DC27226FA12300F350EA /* iOS_NewsAppUITests.swift */,
				44C6DC29226FA12300F350EA /* Info.plist */,
			);
			path = "iOS-NewsAppUITests";
			sourceTree = "<group>";
		};
		44C6DC35226FA1EB00F350EA /* controllers */ = {
			isa = PBXGroup;
			children = (
				44C6DC36226FA1EB00F350EA /* SourceViewController.swift */,
			);
			path = controllers;
			sourceTree = "<group>";
		};
		44C6DC38226FA1F400F350EA /* model */ = {
			isa = PBXGroup;
			children = (
				44C6DC3A226FA1F400F350EA /* SourceItem.swift */,
			);
			path = model;
			sourceTree = "<group>";
		};
		44C6DC3D226FA1FF00F350EA /* views */ = {
			isa = PBXGroup;
			children = (
				44C6DC3E226FA1FF00F350EA /* NewsFeedCell.swift */,
			);
			path = views;
			sourceTree = "<group>";
		};
/* End PBXGroup section */

/* Begin PBXNativeTarget section */
		44C6DC03226FA12200F350EA /* iOS-NewsApp */ = {
			isa = PBXNativeTarget;
			buildConfigurationList = 44C6DC2C226FA12300F350EA /* Build configuration list for PBXNativeTarget "iOS-NewsApp" */;
			buildPhases = (
				44C6DC00226FA12200F350EA /* Sources */,
				44C6DC01226FA12200F350EA /* Frameworks */,
				44C6DC02226FA12200F350EA /* Resources */,
			);
			buildRules = (
			);
			dependencies = (
			);
			name = "iOS-NewsApp";
			productName = "iOS-NewsApp";
			productReference = 44C6DC04226FA12200F350EA /* iOS-NewsApp.app */;
			productType = "com.apple.product-type.application";
		};
		44C6DC17226FA12300F350EA /* iOS-NewsAppTests */ = {
			isa = PBXNativeTarget;
			buildConfigurationList = 44C6DC2F226FA12300F350EA /* Build configuration list for PBXNativeTarget "iOS-NewsAppTests" */;
			buildPhases = (
				44C6DC14226FA12300F350EA /* Sources */,
				44C6DC15226FA12300F350EA /* Frameworks */,
				44C6DC16226FA12300F350EA /* Resources */,
			);
			buildRules = (
			);
			dependencies = (
				44C6DC1A226FA12300F350EA /* PBXTargetDependency */,
			);
			name = "iOS-NewsAppTests";
			productName = "iOS-NewsAppTests";
			productReference = 44C6DC18226FA12300F350EA /* iOS-NewsAppTests.xctest */;
			productType = "com.apple.product-type.bundle.unit-test";
		};
		44C6DC22226FA12300F350EA /* iOS-NewsAppUITests */ = {
			isa = PBXNativeTarget;
			buildConfigurationList = 44C6DC32226FA12300F350EA /* Build configuration list for PBXNativeTarget "iOS-NewsAppUITests" */;
			buildPhases = (
				44C6DC1F226FA12300F350EA /* Sources */,
				44C6DC20226FA12300F350EA /* Frameworks */,
				44C6DC21226FA12300F350EA /* Resources */,
			);
			buildRules = (
			);
			dependencies = (
				44C6DC25226FA12300F350EA /* PBXTargetDependency */,
			);
			name = "iOS-NewsAppUITests";
			productName = "iOS-NewsAppUITests";
			productReference = 44C6DC23226FA12300F350EA /* iOS-NewsAppUITests.xctest */;
			productType = "com.apple.product-type.bundle.ui-testing";
		};
/* End PBXNativeTarget section */

/* Begin PBXProject section */
		44C6DBFC226FA12200F350EA /* Project object */ = {
			isa = PBXProject;
			attributes = {
				LastSwiftUpdateCheck = 1020;
				LastUpgradeCheck = 1020;
				ORGANIZATIONNAME = "Make School";
				TargetAttributes = {
					44C6DC03226FA12200F350EA = {
						CreatedOnToolsVersion = 10.2;
					};
					44C6DC17226FA12300F350EA = {
						CreatedOnToolsVersion = 10.2;
						TestTargetID = 44C6DC03226FA12200F350EA;
					};
					44C6DC22226FA12300F350EA = {
						CreatedOnToolsVersion = 10.2;
						TestTargetID = 44C6DC03226FA12200F350EA;
					};
				};
			};
			buildConfigurationList = 44C6DBFF226FA12200F350EA /* Build configuration list for PBXProject "iOS-NewsApp" */;
			compatibilityVersion = "Xcode 9.3";
			developmentRegion = en;
			hasScannedForEncodings = 0;
			knownRegions = (
				en,
				Base,
			);
			mainGroup = 44C6DBFB226FA12200F350EA;
			productRefGroup = 44C6DC05226FA12200F350EA /* Products */;
			projectDirPath = "";
			projectRoot = "";
			targets = (
				44C6DC03226FA12200F350EA /* iOS-NewsApp */,
				44C6DC17226FA12300F350EA /* iOS-NewsAppTests */,
				44C6DC22226FA12300F350EA /* iOS-NewsAppUITests */,
			);
		};
/* End PBXProject section */

/* Begin PBXResourcesBuildPhase section */
		44C6DC02226FA12200F350EA /* Resources */ = {
			isa = PBXResourcesBuildPhase;
			buildActionMask = 2147483647;
			files = (
				44C6DC12226FA12300F350EA /* LaunchScreen.storyboard in Resources */,
				44C6DC0F226FA12300F350EA /* Assets.xcassets in Resources */,
				44C6DC0D226FA12200F350EA /* Main.storyboard in Resources */,
			);
			runOnlyForDeploymentPostprocessing = 0;
		};
		44C6DC16226FA12300F350EA /* Resources */ = {
			isa = PBXResourcesBuildPhase;
			buildActionMask = 2147483647;
			files = (
			);
			runOnlyForDeploymentPostprocessing = 0;
		};
		44C6DC21226FA12300F350EA /* Resources */ = {
			isa = PBXResourcesBuildPhase;
			buildActionMask = 2147483647;
			files = (
			);
			runOnlyForDeploymentPostprocessing = 0;
		};
/* End PBXResourcesBuildPhase section */

/* Begin PBXSourcesBuildPhase section */
		44C6DC00226FA12200F350EA /* Sources */ = {
			isa = PBXSourcesBuildPhase;
			buildActionMask = 2147483647;
			files = (
				44C6DC3F226FA1FF00F350EA /* NewsFeedCell.swift in Sources */,
				44C6DC08226FA12200F350EA /* AppDelegate.swift in Sources */,
				44C6DC37226FA1EB00F350EA /* SourceViewController.swift in Sources */,
				44C6DC3C226FA1F400F350EA /* SourceItem.swift in Sources */,
			);
			runOnlyForDeploymentPostprocessing = 0;
		};
		44C6DC14226FA12300F350EA /* Sources */ = {
			isa = PBXSourcesBuildPhase;
			buildActionMask = 2147483647;
			files = (
				44C6DC1D226FA12300F350EA /* iOS_NewsAppTests.swift in Sources */,
			);
			runOnlyForDeploymentPostprocessing = 0;
		};
		44C6DC1F226FA12300F350EA /* Sources */ = {
			isa = PBXSourcesBuildPhase;
			buildActionMask = 2147483647;
			files = (
				44C6DC28226FA12300F350EA /* iOS_NewsAppUITests.swift in Sources */,
			);
			runOnlyForDeploymentPostprocessing = 0;
		};
/* End PBXSourcesBuildPhase section */

/* Begin PBXTargetDependency section */
		44C6DC1A226FA12300F350EA /* PBXTargetDependency */ = {
			isa = PBXTargetDependency;
			target = 44C6DC03226FA12200F350EA /* iOS-NewsApp */;
			targetProxy = 44C6DC19226FA12300F350EA /* PBXContainerItemProxy */;
		};
		44C6DC25226FA12300F350EA /* PBXTargetDependency */ = {
			isa = PBXTargetDependency;
			target = 44C6DC03226FA12200F350EA /* iOS-NewsApp */;
			targetProxy = 44C6DC24226FA12300F350EA /* PBXContainerItemProxy */;
		};
/* End PBXTargetDependency section */

/* Begin PBXVariantGroup section */
		44C6DC0B226FA12200F350EA /* Main.storyboard */ = {
			isa = PBXVariantGroup;
			children = (
				44C6DC0C226FA12200F350EA /* Base */,
			);
			name = Main.storyboard;
			sourceTree = "<group>";
		};
		44C6DC10226FA12300F350EA /* LaunchScreen.storyboard */ = {
			isa = PBXVariantGroup;
			children = (
				44C6DC11226FA12300F350EA /* Base */,
			);
			name = LaunchScreen.storyboard;
			sourceTree = "<group>";
		};
/* End PBXVariantGroup section */

/* Begin XCBuildConfiguration section */
		44C6DC2A226FA12300F350EA /* Debug */ = {
			isa = XCBuildConfiguration;
			buildSettings = {
				ALWAYS_SEARCH_USER_PATHS = NO;
				CLANG_ANALYZER_NONNULL = YES;
				CLANG_ANALYZER_NUMBER_OBJECT_CONVERSION = YES_AGGRESSIVE;
				CLANG_CXX_LANGUAGE_STANDARD = "gnu++14";
				CLANG_CXX_LIBRARY = "libc++";
				CLANG_ENABLE_MODULES = YES;
				CLANG_ENABLE_OBJC_ARC = YES;
				CLANG_ENABLE_OBJC_WEAK = YES;
				CLANG_WARN_BLOCK_CAPTURE_AUTORELEASING = YES;
				CLANG_WARN_BOOL_CONVERSION = YES;
				CLANG_WARN_COMMA = YES;
				CLANG_WARN_CONSTANT_CONVERSION = YES;
				CLANG_WARN_DEPRECATED_OBJC_IMPLEMENTATIONS = YES;
				CLANG_WARN_DIRECT_OBJC_ISA_USAGE = YES_ERROR;
				CLANG_WARN_DOCUMENTATION_COMMENTS = YES;
				CLANG_WARN_EMPTY_BODY = YES;
				CLANG_WARN_ENUM_CONVERSION = YES;
				CLANG_WARN_INFINITE_RECURSION = YES;
				CLANG_WARN_INT_CONVERSION = YES;
				CLANG_WARN_NON_LITERAL_NULL_CONVERSION = YES;
				CLANG_WARN_OBJC_IMPLICIT_RETAIN_SELF = YES;
				CLANG_WARN_OBJC_LITERAL_CONVERSION = YES;
				CLANG_WARN_OBJC_ROOT_CLASS = YES_ERROR;
				CLANG_WARN_RANGE_LOOP_ANALYSIS = YES;
				CLANG_WARN_STRICT_PROTOTYPES = YES;
				CLANG_WARN_SUSPICIOUS_MOVE = YES;
				CLANG_WARN_UNGUARDED_AVAILABILITY = YES_AGGRESSIVE;
				CLANG_WARN_UNREACHABLE_CODE = YES;
				CLANG_WARN__DUPLICATE_METHOD_MATCH = YES;
				CODE_SIGN_IDENTITY = "iPhone Developer";
				COPY_PHASE_STRIP = NO;
				DEBUG_INFORMATION_FORMAT = dwarf;
				ENABLE_STRICT_OBJC_MSGSEND = YES;
				ENABLE_TESTABILITY = YES;
				GCC_C_LANGUAGE_STANDARD = gnu11;
				GCC_DYNAMIC_NO_PIC = NO;
				GCC_NO_COMMON_BLOCKS = YES;
				GCC_OPTIMIZATION_LEVEL = 0;
				GCC_PREPROCESSOR_DEFINITIONS = (
					"DEBUG=1",
					"$(inherited)",
				);
				GCC_WARN_64_TO_32_BIT_CONVERSION = YES;
				GCC_WARN_ABOUT_RETURN_TYPE = YES_ERROR;
				GCC_WARN_UNDECLARED_SELECTOR = YES;
				GCC_WARN_UNINITIALIZED_AUTOS = YES_AGGRESSIVE;
				GCC_WARN_UNUSED_FUNCTION = YES;
				GCC_WARN_UNUSED_VARIABLE = YES;
				IPHONEOS_DEPLOYMENT_TARGET = 12.2;
				MTL_ENABLE_DEBUG_INFO = INCLUDE_SOURCE;
				MTL_FAST_MATH = YES;
				ONLY_ACTIVE_ARCH = YES;
				SDKROOT = iphoneos;
				SWIFT_ACTIVE_COMPILATION_CONDITIONS = DEBUG;
				SWIFT_OPTIMIZATION_LEVEL = "-Onone";
				SWIFT_VERSION = 4.2;
			};
			name = Debug;
		};
		44C6DC2B226FA12300F350EA /* Release */ = {
			isa = XCBuildConfiguration;
			buildSettings = {
				ALWAYS_SEARCH_USER_PATHS = NO;
				CLANG_ANALYZER_NONNULL = YES;
				CLANG_ANALYZER_NUMBER_OBJECT_CONVERSION = YES_AGGRESSIVE;
				CLANG_CXX_LANGUAGE_STANDARD = "gnu++14";
				CLANG_CXX_LIBRARY = "libc++";
				CLANG_ENABLE_MODULES = YES;
				CLANG_ENABLE_OBJC_ARC = YES;
				CLANG_ENABLE_OBJC_WEAK = YES;
				CLANG_WARN_BLOCK_CAPTURE_AUTORELEASING = YES;
				CLANG_WARN_BOOL_CONVERSION = YES;
				CLANG_WARN_COMMA = YES;
				CLANG_WARN_CONSTANT_CONVERSION = YES;
				CLANG_WARN_DEPRECATED_OBJC_IMPLEMENTATIONS = YES;
				CLANG_WARN_DIRECT_OBJC_ISA_USAGE = YES_ERROR;
				CLANG_WARN_DOCUMENTATION_COMMENTS = YES;
				CLANG_WARN_EMPTY_BODY = YES;
				CLANG_WARN_ENUM_CONVERSION = YES;
				CLANG_WARN_INFINITE_RECURSION = YES;
				CLANG_WARN_INT_CONVERSION = YES;
				CLANG_WARN_NON_LITERAL_NULL_CONVERSION = YES;
				CLANG_WARN_OBJC_IMPLICIT_RETAIN_SELF = YES;
				CLANG_WARN_OBJC_LITERAL_CONVERSION = YES;
				CLANG_WARN_OBJC_ROOT_CLASS = YES_ERROR;
				CLANG_WARN_RANGE_LOOP_ANALYSIS = YES;
				CLANG_WARN_STRICT_PROTOTYPES = YES;
				CLANG_WARN_SUSPICIOUS_MOVE = YES;
				CLANG_WARN_UNGUARDED_AVAILABILITY = YES_AGGRESSIVE;
				CLANG_WARN_UNREACHABLE_CODE = YES;
				CLANG_WARN__DUPLICATE_METHOD_MATCH = YES;
				CODE_SIGN_IDENTITY = "iPhone Developer";
				COPY_PHASE_STRIP = NO;
				DEBUG_INFORMATION_FORMAT = "dwarf-with-dsym";
				ENABLE_NS_ASSERTIONS = NO;
				ENABLE_STRICT_OBJC_MSGSEND = YES;
				GCC_C_LANGUAGE_STANDARD = gnu11;
				GCC_NO_COMMON_BLOCKS = YES;
				GCC_WARN_64_TO_32_BIT_CONVERSION = YES;
				GCC_WARN_ABOUT_RETURN_TYPE = YES_ERROR;
				GCC_WARN_UNDECLARED_SELECTOR = YES;
				GCC_WARN_UNINITIALIZED_AUTOS = YES_AGGRESSIVE;
				GCC_WARN_UNUSED_FUNCTION = YES;
				GCC_WARN_UNUSED_VARIABLE = YES;
				IPHONEOS_DEPLOYMENT_TARGET = 12.2;
				MTL_ENABLE_DEBUG_INFO = NO;
				MTL_FAST_MATH = YES;
				SDKROOT = iphoneos;
				SWIFT_COMPILATION_MODE = wholemodule;
				SWIFT_OPTIMIZATION_LEVEL = "-O";
				SWIFT_VERSION = 4.2;
				VALIDATE_PRODUCT = YES;
			};
			name = Release;
		};
		44C6DC2D226FA12300F350EA /* Debug */ = {
			isa = XCBuildConfiguration;
			buildSettings = {
				ASSETCATALOG_COMPILER_APPICON_NAME = AppIcon;
				CODE_SIGN_STYLE = Automatic;
				INFOPLIST_FILE = "iOS-NewsApp/Info.plist";
				IPHONEOS_DEPLOYMENT_TARGET = 12.1;
				LD_RUNPATH_SEARCH_PATHS = (
					"$(inherited)",
					"@executable_path/Frameworks",
				);
				PRODUCT_BUNDLE_IDENTIFIER = "com.vandervision.iOS-NewsApp";
				PRODUCT_NAME = "$(TARGET_NAME)";
				SWIFT_VERSION = 4.2;
				TARGETED_DEVICE_FAMILY = "1,2";
			};
			name = Debug;
		};
		44C6DC2E226FA12300F350EA /* Release */ = {
			isa = XCBuildConfiguration;
			buildSettings = {
				ASSETCATALOG_COMPILER_APPICON_NAME = AppIcon;
				CODE_SIGN_STYLE = Automatic;
				INFOPLIST_FILE = "iOS-NewsApp/Info.plist";
				IPHONEOS_DEPLOYMENT_TARGET = 12.1;
				LD_RUNPATH_SEARCH_PATHS = (
					"$(inherited)",
					"@executable_path/Frameworks",
				);
				PRODUCT_BUNDLE_IDENTIFIER = "com.vandervision.iOS-NewsApp";
				PRODUCT_NAME = "$(TARGET_NAME)";
				SWIFT_VERSION = 4.2;
				TARGETED_DEVICE_FAMILY = "1,2";
			};
			name = Release;
		};
		44C6DC30226FA12300F350EA /* Debug */ = {
			isa = XCBuildConfiguration;
			buildSettings = {
				ALWAYS_EMBED_SWIFT_STANDARD_LIBRARIES = YES;
				BUNDLE_LOADER = "$(TEST_HOST)";
				CODE_SIGN_STYLE = Automatic;
				INFOPLIST_FILE = "iOS-NewsAppTests/Info.plist";
				LD_RUNPATH_SEARCH_PATHS = (
					"$(inherited)",
					"@executable_path/Frameworks",
					"@loader_path/Frameworks",
				);
				PRODUCT_BUNDLE_IDENTIFIER = "com.vandervision.iOS-NewsAppTests";
				PRODUCT_NAME = "$(TARGET_NAME)";
				SWIFT_VERSION = 5.0;
				TARGETED_DEVICE_FAMILY = "1,2";
				TEST_HOST = "$(BUILT_PRODUCTS_DIR)/iOS-NewsApp.app/iOS-NewsApp";
			};
			name = Debug;
		};
		44C6DC31226FA12300F350EA /* Release */ = {
			isa = XCBuildConfiguration;
			buildSettings = {
				ALWAYS_EMBED_SWIFT_STANDARD_LIBRARIES = YES;
				BUNDLE_LOADER = "$(TEST_HOST)";
				CODE_SIGN_STYLE = Automatic;
				INFOPLIST_FILE = "iOS-NewsAppTests/Info.plist";
				LD_RUNPATH_SEARCH_PATHS = (
					"$(inherited)",
					"@executable_path/Frameworks",
					"@loader_path/Frameworks",
				);
				PRODUCT_BUNDLE_IDENTIFIER = "com.vandervision.iOS-NewsAppTests";
				PRODUCT_NAME = "$(TARGET_NAME)";
				SWIFT_VERSION = 5.0;
				TARGETED_DEVICE_FAMILY = "1,2";
				TEST_HOST = "$(BUILT_PRODUCTS_DIR)/iOS-NewsApp.app/iOS-NewsApp";
			};
			name = Release;
		};
		44C6DC33226FA12300F350EA /* Debug */ = {
			isa = XCBuildConfiguration;
			buildSettings = {
				ALWAYS_EMBED_SWIFT_STANDARD_LIBRARIES = YES;
				CODE_SIGN_STYLE = Automatic;
				INFOPLIST_FILE = "iOS-NewsAppUITests/Info.plist";
				LD_RUNPATH_SEARCH_PATHS = (
					"$(inherited)",
					"@executable_path/Frameworks",
					"@loader_path/Frameworks",
				);
				PRODUCT_BUNDLE_IDENTIFIER = "com.vandervision.iOS-NewsAppUITests";
				PRODUCT_NAME = "$(TARGET_NAME)";
				SWIFT_VERSION = 5.0;
				TARGETED_DEVICE_FAMILY = "1,2";
				TEST_TARGET_NAME = "iOS-NewsApp";
			};
			name = Debug;
		};
		44C6DC34226FA12300F350EA /* Release */ = {
			isa = XCBuildConfiguration;
			buildSettings = {
				ALWAYS_EMBED_SWIFT_STANDARD_LIBRARIES = YES;
				CODE_SIGN_STYLE = Automatic;
				INFOPLIST_FILE = "iOS-NewsAppUITests/Info.plist";
				LD_RUNPATH_SEARCH_PATHS = (
					"$(inherited)",
					"@executable_path/Frameworks",
					"@loader_path/Frameworks",
				);
				PRODUCT_BUNDLE_IDENTIFIER = "com.vandervision.iOS-NewsAppUITests";
				PRODUCT_NAME = "$(TARGET_NAME)";
				SWIFT_VERSION = 5.0;
				TARGETED_DEVICE_FAMILY = "1,2";
				TEST_TARGET_NAME = "iOS-NewsApp";
			};
			name = Release;
		};
/* End XCBuildConfiguration section */

/* Begin XCConfigurationList section */
		44C6DBFF226FA12200F350EA /* Build configuration list for PBXProject "iOS-NewsApp" */ = {
			isa = XCConfigurationList;
			buildConfigurations = (
				44C6DC2A226FA12300F350EA /* Debug */,
				44C6DC2B226FA12300F350EA /* Release */,
			);
			defaultConfigurationIsVisible = 0;
			defaultConfigurationName = Release;
		};
		44C6DC2C226FA12300F350EA /* Build configuration list for PBXNativeTarget "iOS-NewsApp" */ = {
			isa = XCConfigurationList;
			buildConfigurations = (
				44C6DC2D226FA12300F350EA /* Debug */,
				44C6DC2E226FA12300F350EA /* Release */,
			);
			defaultConfigurationIsVisible = 0;
			defaultConfigurationName = Release;
		};
		44C6DC2F226FA12300F350EA /* Build configuration list for PBXNativeTarget "iOS-NewsAppTests" */ = {
			isa = XCConfigurationList;
			buildConfigurations = (
				44C6DC30226FA12300F350EA /* Debug */,
				44C6DC31226FA12300F350EA /* Release */,
			);
			defaultConfigurationIsVisible = 0;
			defaultConfigurationName = Release;
		};
		44C6DC32226FA12300F350EA /* Build configuration list for PBXNativeTarget "iOS-NewsAppUITests" */ = {
			isa = XCConfigurationList;
			buildConfigurations = (
				44C6DC33226FA12300F350EA /* Debug */,
				44C6DC34226FA12300F350EA /* Release */,
			);
			defaultConfigurationIsVisible = 0;
			defaultConfigurationName = Release;
		};
/* End XCConfigurationList section */
	};
	rootObject = 44C6DBFC226FA12200F350EA /* Project object */;
}
