// !$*UTF8*$!
{
	archiveVersion = 1;
	classes = {
	};
	objectVersion = 50;
	objects = {

/* Begin PBXBuildFile section */
		ABFCAA6125EC80DF00330C7C /* AppDelegate.swift in Sources */ = {isa = PBXBuildFile; fileRef = ABFCAA6025EC80DF00330C7C /* AppDelegate.swift */; };
		ABFCAA6325EC80DF00330C7C /* SceneDelegate.swift in Sources */ = {isa = PBXBuildFile; fileRef = ABFCAA6225EC80DF00330C7C /* SceneDelegate.swift */; };
		ABFCAA6525EC80DF00330C7C /* ViewController.swift in Sources */ = {isa = PBXBuildFile; fileRef = ABFCAA6425EC80DF00330C7C /* ViewController.swift */; };
		ABFCAA6825EC80DF00330C7C /* Main.storyboard in Resources */ = {isa = PBXBuildFile; fileRef = ABFCAA6625EC80DF00330C7C /* Main.storyboard */; };
		ABFCAA6A25EC80E200330C7C /* Assets.xcassets in Resources */ = {isa = PBXBuildFile; fileRef = ABFCAA6925EC80E200330C7C /* Assets.xcassets */; };
		ABFCAA6D25EC80E200330C7C /* LaunchScreen.storyboard in Resources */ = {isa = PBXBuildFile; fileRef = ABFCAA6B25EC80E200330C7C /* LaunchScreen.storyboard */; };
		ABFCAA7625EC8B7200330C7C /* GitHubAPI.swift in Sources */ = {isa = PBXBuildFile; fileRef = ABFCAA7525EC8B7200330C7C /* GitHubAPI.swift */; };
/* End PBXBuildFile section */

/* Begin PBXFileReference section */
		ABFCAA5D25EC80DF00330C7C /* CombineNetworking.app */ = {isa = PBXFileReference; explicitFileType = wrapper.application; includeInIndex = 0; path = CombineNetworking.app; sourceTree = BUILT_PRODUCTS_DIR; };
		ABFCAA6025EC80DF00330C7C /* AppDelegate.swift */ = {isa = PBXFileReference; lastKnownFileType = sourcecode.swift; path = AppDelegate.swift; sourceTree = "<group>"; };
		ABFCAA6225EC80DF00330C7C /* SceneDelegate.swift */ = {isa = PBXFileReference; lastKnownFileType = sourcecode.swift; path = SceneDelegate.swift; sourceTree = "<group>"; };
		ABFCAA6425EC80DF00330C7C /* ViewController.swift */ = {isa = PBXFileReference; lastKnownFileType = sourcecode.swift; path = ViewController.swift; sourceTree = "<group>"; };
		ABFCAA6725EC80DF00330C7C /* Base */ = {isa = PBXFileReference; lastKnownFileType = file.storyboard; name = Base; path = Base.lproj/Main.storyboard; sourceTree = "<group>"; };
		ABFCAA6925EC80E200330C7C /* Assets.xcassets */ = {isa = PBXFileReference; lastKnownFileType = folder.assetcatalog; path = Assets.xcassets; sourceTree = "<group>"; };
		ABFCAA6C25EC80E200330C7C /* Base */ = {isa = PBXFileReference; lastKnownFileType = file.storyboard; name = Base; path = Base.lproj/LaunchScreen.storyboard; sourceTree = "<group>"; };
		ABFCAA6E25EC80E200330C7C /* Info.plist */ = {isa = PBXFileReference; lastKnownFileType = text.plist.xml; path = Info.plist; sourceTree = "<group>"; };
		ABFCAA7525EC8B7200330C7C /* GitHubAPI.swift */ = {isa = PBXFileReference; lastKnownFileType = sourcecode.swift; path = GitHubAPI.swift; sourceTree = "<group>"; };
/* End PBXFileReference section */

/* Begin PBXFrameworksBuildPhase section */
		ABFCAA5A25EC80DF00330C7C /* Frameworks */ = {
			isa = PBXFrameworksBuildPhase;
			buildActionMask = 2147483647;
			files = (
			);
			runOnlyForDeploymentPostprocessing = 0;
		};
/* End PBXFrameworksBuildPhase section */

/* Begin PBXGroup section */
		ABFCAA5425EC80DF00330C7C = {
			isa = PBXGroup;
			children = (
				ABFCAA5F25EC80DF00330C7C /* CombineNetworking */,
				ABFCAA5E25EC80DF00330C7C /* Products */,
			);
			sourceTree = "<group>";
		};
		ABFCAA5E25EC80DF00330C7C /* Products */ = {
			isa = PBXGroup;
			children = (
				ABFCAA5D25EC80DF00330C7C /* CombineNetworking.app */,
			);
			name = Products;
			sourceTree = "<group>";
		};
		ABFCAA5F25EC80DF00330C7C /* CombineNetworking */ = {
			isa = PBXGroup;
			children = (
				ABFCAA6025EC80DF00330C7C /* AppDelegate.swift */,
				ABFCAA6225EC80DF00330C7C /* SceneDelegate.swift */,
				ABFCAA6425EC80DF00330C7C /* ViewController.swift */,
				ABFCAA7525EC8B7200330C7C /* GitHubAPI.swift */,
				ABFCAA6625EC80DF00330C7C /* Main.storyboard */,
				ABFCAA6925EC80E200330C7C /* Assets.xcassets */,
				ABFCAA6B25EC80E200330C7C /* LaunchScreen.storyboard */,
				ABFCAA6E25EC80E200330C7C /* Info.plist */,
			);
			path = CombineNetworking;
			sourceTree = "<group>";
		};
/* End PBXGroup section */

/* Begin PBXNativeTarget section */
		ABFCAA5C25EC80DF00330C7C /* CombineNetworking */ = {
			isa = PBXNativeTarget;
			buildConfigurationList = ABFCAA7125EC80E200330C7C /* Build configuration list for PBXNativeTarget "CombineNetworking" */;
			buildPhases = (
				ABFCAA5925EC80DF00330C7C /* Sources */,
				ABFCAA5A25EC80DF00330C7C /* Frameworks */,
				ABFCAA5B25EC80DF00330C7C /* Resources */,
			);
			buildRules = (
			);
			dependencies = (
			);
			name = CombineNetworking;
			productName = CombineNetworking;
			productReference = ABFCAA5D25EC80DF00330C7C /* CombineNetworking.app */;
			productType = "com.apple.product-type.application";
		};
/* End PBXNativeTarget section */

/* Begin PBXProject section */
		ABFCAA5525EC80DF00330C7C /* Project object */ = {
			isa = PBXProject;
			attributes = {
				LastSwiftUpdateCheck = 1240;
				LastUpgradeCheck = 1240;
				TargetAttributes = {
					ABFCAA5C25EC80DF00330C7C = {
						CreatedOnToolsVersion = 12.4;
					};
				};
			};
			buildConfigurationList = ABFCAA5825EC80DF00330C7C /* Build configuration list for PBXProject "CombineNetworking" */;
			compatibilityVersion = "Xcode 9.3";
			developmentRegion = en;
			hasScannedForEncodings = 0;
			knownRegions = (
				en,
				Base,
			);
			mainGroup = ABFCAA5425EC80DF00330C7C;
			productRefGroup = ABFCAA5E25EC80DF00330C7C /* Products */;
			projectDirPath = "";
			projectRoot = "";
			targets = (
				ABFCAA5C25EC80DF00330C7C /* CombineNetworking */,
			);
		};
/* End PBXProject section */

/* Begin PBXResourcesBuildPhase section */
		ABFCAA5B25EC80DF00330C7C /* Resources */ = {
			isa = PBXResourcesBuildPhase;
			buildActionMask = 2147483647;
			files = (
				ABFCAA6D25EC80E200330C7C /* LaunchScreen.storyboard in Resources */,
				ABFCAA6A25EC80E200330C7C /* Assets.xcassets in Resources */,
				ABFCAA6825EC80DF00330C7C /* Main.storyboard in Resources */,
			);
			runOnlyForDeploymentPostprocessing = 0;
		};
/* End PBXResourcesBuildPhase section */

/* Begin PBXSourcesBuildPhase section */
		ABFCAA5925EC80DF00330C7C /* Sources */ = {
			isa = PBXSourcesBuildPhase;
			buildActionMask = 2147483647;
			files = (
				ABFCAA6525EC80DF00330C7C /* ViewController.swift in Sources */,
				ABFCAA6125EC80DF00330C7C /* AppDelegate.swift in Sources */,
				ABFCAA6325EC80DF00330C7C /* SceneDelegate.swift in Sources */,
				ABFCAA7625EC8B7200330C7C /* GitHubAPI.swift in Sources */,
			);
			runOnlyForDeploymentPostprocessing = 0;
		};
/* End PBXSourcesBuildPhase section */

/* Begin PBXVariantGroup section */
		ABFCAA6625EC80DF00330C7C /* Main.storyboard */ = {
			isa = PBXVariantGroup;
			children = (
				ABFCAA6725EC80DF00330C7C /* Base */,
			);
			name = Main.storyboard;
			sourceTree = "<group>";
		};
		ABFCAA6B25EC80E200330C7C /* LaunchScreen.storyboard */ = {
			isa = PBXVariantGroup;
			children = (
				ABFCAA6C25EC80E200330C7C /* Base */,
			);
			name = LaunchScreen.storyboard;
			sourceTree = "<group>";
		};
/* End PBXVariantGroup section */

/* Begin XCBuildConfiguration section */
		ABFCAA6F25EC80E200330C7C /* Debug */ = {
			isa = XCBuildConfiguration;
			buildSettings = {
				ALWAYS_SEARCH_USER_PATHS = NO;
				CLANG_ANALYZER_NONNULL = YES;
				CLANG_ANALYZER_NUMBER_OBJECT_CONVERSION = YES_AGGRESSIVE;
				CLANG_CXX_LANGUAGE_STANDARD = "gnu++14";
				CLANG_CXX_LIBRARY = "libc++";
				CLANG_ENABLE_MODULES = YES;
				CLANG_ENABLE_OBJC_ARC = YES;
				CLANG_ENABLE_OBJC_WEAK = YES;
				CLANG_WARN_BLOCK_CAPTURE_AUTORELEASING = YES;
				CLANG_WARN_BOOL_CONVERSION = YES;
				CLANG_WARN_COMMA = YES;
				CLANG_WARN_CONSTANT_CONVERSION = YES;
				CLANG_WARN_DEPRECATED_OBJC_IMPLEMENTATIONS = YES;
				CLANG_WARN_DIRECT_OBJC_ISA_USAGE = YES_ERROR;
				CLANG_WARN_DOCUMENTATION_COMMENTS = YES;
				CLANG_WARN_EMPTY_BODY = YES;
				CLANG_WARN_ENUM_CONVERSION = YES;
				CLANG_WARN_INFINITE_RECURSION = YES;
				CLANG_WARN_INT_CONVERSION = YES;
				CLANG_WARN_NON_LITERAL_NULL_CONVERSION = YES;
				CLANG_WARN_OBJC_IMPLICIT_RETAIN_SELF = YES;
				CLANG_WARN_OBJC_LITERAL_CONVERSION = YES;
				CLANG_WARN_OBJC_ROOT_CLASS = YES_ERROR;
				CLANG_WARN_QUOTED_INCLUDE_IN_FRAMEWORK_HEADER = YES;
				CLANG_WARN_RANGE_LOOP_ANALYSIS = YES;
				CLANG_WARN_STRICT_PROTOTYPES = YES;
				CLANG_WARN_SUSPICIOUS_MOVE = YES;
				CLANG_WARN_UNGUARDED_AVAILABILITY = YES_AGGRESSIVE;
				CLANG_WARN_UNREACHABLE_CODE = YES;
				CLANG_WARN__DUPLICATE_METHOD_MATCH = YES;
				COPY_PHASE_STRIP = NO;
				DEBUG_INFORMATION_FORMAT = dwarf;
				ENABLE_STRICT_OBJC_MSGSEND = YES;
				ENABLE_TESTABILITY = YES;
				GCC_C_LANGUAGE_STANDARD = gnu11;
				GCC_DYNAMIC_NO_PIC = NO;
				GCC_NO_COMMON_BLOCKS = YES;
				GCC_OPTIMIZATION_LEVEL = 0;
				GCC_PREPROCESSOR_DEFINITIONS = (
					"DEBUG=1",
					"$(inherited)",
				);
				GCC_WARN_64_TO_32_BIT_CONVERSION = YES;
				GCC_WARN_ABOUT_RETURN_TYPE = YES_ERROR;
				GCC_WARN_UNDECLARED_SELECTOR = YES;
				GCC_WARN_UNINITIALIZED_AUTOS = YES_AGGRESSIVE;
				GCC_WARN_UNUSED_FUNCTION = YES;
				GCC_WARN_UNUSED_VARIABLE = YES;
				IPHONEOS_DEPLOYMENT_TARGET = 14.4;
				MTL_ENABLE_DEBUG_INFO = INCLUDE_SOURCE;
				MTL_FAST_MATH = YES;
				ONLY_ACTIVE_ARCH = YES;
				SDKROOT = iphoneos;
				SWIFT_ACTIVE_COMPILATION_CONDITIONS = DEBUG;
				SWIFT_OPTIMIZATION_LEVEL = "-Onone";
			};
			name = Debug;
		};
		ABFCAA7025EC80E200330C7C /* Release */ = {
			isa = XCBuildConfiguration;
			buildSettings = {
				ALWAYS_SEARCH_USER_PATHS = NO;
				CLANG_ANALYZER_NONNULL = YES;
				CLANG_ANALYZER_NUMBER_OBJECT_CONVERSION = YES_AGGRESSIVE;
				CLANG_CXX_LANGUAGE_STANDARD = "gnu++14";
				CLANG_CXX_LIBRARY = "libc++";
				CLANG_ENABLE_MODULES = YES;
				CLANG_ENABLE_OBJC_ARC = YES;
				CLANG_ENABLE_OBJC_WEAK = YES;
				CLANG_WARN_BLOCK_CAPTURE_AUTORELEASING = YES;
				CLANG_WARN_BOOL_CONVERSION = YES;
				CLANG_WARN_COMMA = YES;
				CLANG_WARN_CONSTANT_CONVERSION = YES;
				CLANG_WARN_DEPRECATED_OBJC_IMPLEMENTATIONS = YES;
				CLANG_WARN_DIRECT_OBJC_ISA_USAGE = YES_ERROR;
				CLANG_WARN_DOCUMENTATION_COMMENTS = YES;
				CLANG_WARN_EMPTY_BODY = YES;
				CLANG_WARN_ENUM_CONVERSION = YES;
				CLANG_WARN_INFINITE_RECURSION = YES;
				CLANG_WARN_INT_CONVERSION = YES;
				CLANG_WARN_NON_LITERAL_NULL_CONVERSION = YES;
				CLANG_WARN_OBJC_IMPLICIT_RETAIN_SELF = YES;
				CLANG_WARN_OBJC_LITERAL_CONVERSION = YES;
				CLANG_WARN_OBJC_ROOT_CLASS = YES_ERROR;
				CLANG_WARN_QUOTED_INCLUDE_IN_FRAMEWORK_HEADER = YES;
				CLANG_WARN_RANGE_LOOP_ANALYSIS = YES;
				CLANG_WARN_STRICT_PROTOTYPES = YES;
				CLANG_WARN_SUSPICIOUS_MOVE = YES;
				CLANG_WARN_UNGUARDED_AVAILABILITY = YES_AGGRESSIVE;
				CLANG_WARN_UNREACHABLE_CODE = YES;
				CLANG_WARN__DUPLICATE_METHOD_MATCH = YES;
				COPY_PHASE_STRIP = NO;
				DEBUG_INFORMATION_FORMAT = "dwarf-with-dsym";
				ENABLE_NS_ASSERTIONS = NO;
				ENABLE_STRICT_OBJC_MSGSEND = YES;
				GCC_C_LANGUAGE_STANDARD = gnu11;
				GCC_NO_COMMON_BLOCKS = YES;
				GCC_WARN_64_TO_32_BIT_CONVERSION = YES;
				GCC_WARN_ABOUT_RETURN_TYPE = YES_ERROR;
				GCC_WARN_UNDECLARED_SELECTOR = YES;
				GCC_WARN_UNINITIALIZED_AUTOS = YES_AGGRESSIVE;
				GCC_WARN_UNUSED_FUNCTION = YES;
				GCC_WARN_UNUSED_VARIABLE = YES;
				IPHONEOS_DEPLOYMENT_TARGET = 14.4;
				MTL_ENABLE_DEBUG_INFO = NO;
				MTL_FAST_MATH = YES;
				SDKROOT = iphoneos;
				SWIFT_COMPILATION_MODE = wholemodule;
				SWIFT_OPTIMIZATION_LEVEL = "-O";
				VALIDATE_PRODUCT = YES;
			};
			name = Release;
		};
		ABFCAA7225EC80E200330C7C /* Debug */ = {
			isa = XCBuildConfiguration;
			buildSettings = {
				ASSETCATALOG_COMPILER_APPICON_NAME = AppIcon;
				ASSETCATALOG_COMPILER_GLOBAL_ACCENT_COLOR_NAME = AccentColor;
				CODE_SIGN_STYLE = Automatic;
				DEVELOPMENT_TEAM = TZRX6AQ237;
				INFOPLIST_FILE = CombineNetworking/Info.plist;
				LD_RUNPATH_SEARCH_PATHS = (
					"$(inherited)",
					"@executable_path/Frameworks",
				);
				PRODUCT_BUNDLE_IDENTIFIER = com.amgm.CombineNetworking;
				PRODUCT_NAME = "$(TARGET_NAME)";
				SWIFT_VERSION = 5.0;
				TARGETED_DEVICE_FAMILY = "1,2";
			};
			name = Debug;
		};
		ABFCAA7325EC80E200330C7C /* Release */ = {
			isa = XCBuildConfiguration;
			buildSettings = {
				ASSETCATALOG_COMPILER_APPICON_NAME = AppIcon;
				ASSETCATALOG_COMPILER_GLOBAL_ACCENT_COLOR_NAME = AccentColor;
				CODE_SIGN_STYLE = Automatic;
				DEVELOPMENT_TEAM = TZRX6AQ237;
				INFOPLIST_FILE = CombineNetworking/Info.plist;
				LD_RUNPATH_SEARCH_PATHS = (
					"$(inherited)",
					"@executable_path/Frameworks",
				);
				PRODUCT_BUNDLE_IDENTIFIER = com.amgm.CombineNetworking;
				PRODUCT_NAME = "$(TARGET_NAME)";
				SWIFT_VERSION = 5.0;
				TARGETED_DEVICE_FAMILY = "1,2";
			};
			name = Release;
		};
/* End XCBuildConfiguration section */

/* Begin XCConfigurationList section */
		ABFCAA5825EC80DF00330C7C /* Build configuration list for PBXProject "CombineNetworking" */ = {
			isa = XCConfigurationList;
			buildConfigurations = (
				ABFCAA6F25EC80E200330C7C /* Debug */,
				ABFCAA7025EC80E200330C7C /* Release */,
			);
			defaultConfigurationIsVisible = 0;
			defaultConfigurationName = Release;
		};
		ABFCAA7125EC80E200330C7C /* Build configuration list for PBXNativeTarget "CombineNetworking" */ = {
			isa = XCConfigurationList;
			buildConfigurations = (
				ABFCAA7225EC80E200330C7C /* Debug */,
				ABFCAA7325EC80E200330C7C /* Release */,
			);
			defaultConfigurationIsVisible = 0;
			defaultConfigurationName = Release;
		};
/* End XCConfigurationList section */
	};
	rootObject = ABFCAA5525EC80DF00330C7C /* Project object */;
}
