// !$*UTF8*$!
{
	archiveVersion = 1;
	classes = {
	};
	objectVersion = 48;
	objects = {

/* Begin PBXBuildFile section */
		0529E2E82031624E00317728 /* EmployeeViewController.swift in Sources */ = {isa = PBXBuildFile; fileRef = 0529E2E72031624E00317728 /* EmployeeViewController.swift */; };
		05622BA520312912006DDB43 /* AppDelegate.swift in Sources */ = {isa = PBXBuildFile; fileRef = 05622BA420312912006DDB43 /* AppDelegate.swift */; };
		05622BA720312912006DDB43 /* ShopsViewController.swift in Sources */ = {isa = PBXBuildFile; fileRef = 05622BA620312912006DDB43 /* ShopsViewController.swift */; };
		05622BAA20312912006DDB43 /* Main.storyboard in Resources */ = {isa = PBXBuildFile; fileRef = 05622BA820312912006DDB43 /* Main.storyboard */; };
		05622BAD20312912006DDB43 /* shop_keep.xcdatamodeld in Sources */ = {isa = PBXBuildFile; fileRef = 05622BAB20312912006DDB43 /* shop_keep.xcdatamodeld */; };
		05622BAF20312912006DDB43 /* Assets.xcassets in Resources */ = {isa = PBXBuildFile; fileRef = 05622BAE20312912006DDB43 /* Assets.xcassets */; };
		05622BB220312912006DDB43 /* LaunchScreen.storyboard in Resources */ = {isa = PBXBuildFile; fileRef = 05622BB020312912006DDB43 /* LaunchScreen.storyboard */; };
		05622BBA20312A3C006DDB43 /* CoreDataStack.swift in Sources */ = {isa = PBXBuildFile; fileRef = 05622BB920312A3C006DDB43 /* CoreDataStack.swift */; };
/* End PBXBuildFile section */

/* Begin PBXFileReference section */
		0529E2E72031624E00317728 /* EmployeeViewController.swift */ = {isa = PBXFileReference; lastKnownFileType = sourcecode.swift; path = EmployeeViewController.swift; sourceTree = "<group>"; };
		05622BA120312912006DDB43 /* shop-keep.app */ = {isa = PBXFileReference; explicitFileType = wrapper.application; includeInIndex = 0; path = "shop-keep.app"; sourceTree = BUILT_PRODUCTS_DIR; };
		05622BA420312912006DDB43 /* AppDelegate.swift */ = {isa = PBXFileReference; lastKnownFileType = sourcecode.swift; path = AppDelegate.swift; sourceTree = "<group>"; };
		05622BA620312912006DDB43 /* ShopsViewController.swift */ = {isa = PBXFileReference; lastKnownFileType = sourcecode.swift; path = ShopsViewController.swift; sourceTree = "<group>"; };
		05622BA920312912006DDB43 /* Base */ = {isa = PBXFileReference; lastKnownFileType = file.storyboard; name = Base; path = Base.lproj/Main.storyboard; sourceTree = "<group>"; };
		05622BAC20312912006DDB43 /* shop_keep.xcdatamodel */ = {isa = PBXFileReference; lastKnownFileType = wrapper.xcdatamodel; path = shop_keep.xcdatamodel; sourceTree = "<group>"; };
		05622BAE20312912006DDB43 /* Assets.xcassets */ = {isa = PBXFileReference; lastKnownFileType = folder.assetcatalog; path = Assets.xcassets; sourceTree = "<group>"; };
		05622BB120312912006DDB43 /* Base */ = {isa = PBXFileReference; lastKnownFileType = file.storyboard; name = Base; path = Base.lproj/LaunchScreen.storyboard; sourceTree = "<group>"; };
		05622BB320312912006DDB43 /* Info.plist */ = {isa = PBXFileReference; lastKnownFileType = text.plist.xml; path = Info.plist; sourceTree = "<group>"; };
		05622BB920312A3C006DDB43 /* CoreDataStack.swift */ = {isa = PBXFileReference; lastKnownFileType = sourcecode.swift; path = CoreDataStack.swift; sourceTree = "<group>"; };
/* End PBXFileReference section */

/* Begin PBXFrameworksBuildPhase section */
		05622B9E20312912006DDB43 /* Frameworks */ = {
			isa = PBXFrameworksBuildPhase;
			buildActionMask = 2147483647;
			files = (
			);
			runOnlyForDeploymentPostprocessing = 0;
		};
/* End PBXFrameworksBuildPhase section */

/* Begin PBXGroup section */
		05622B9820312912006DDB43 = {
			isa = PBXGroup;
			children = (
				05622BA320312912006DDB43 /* shop-keep */,
				05622BA220312912006DDB43 /* Products */,
			);
			sourceTree = "<group>";
		};
		05622BA220312912006DDB43 /* Products */ = {
			isa = PBXGroup;
			children = (
				05622BA120312912006DDB43 /* shop-keep.app */,
			);
			name = Products;
			sourceTree = "<group>";
		};
		05622BA320312912006DDB43 /* shop-keep */ = {
			isa = PBXGroup;
			children = (
				05622BA420312912006DDB43 /* AppDelegate.swift */,
				05622BA620312912006DDB43 /* ShopsViewController.swift */,
				0529E2E72031624E00317728 /* EmployeeViewController.swift */,
				05622BA820312912006DDB43 /* Main.storyboard */,
				05622BAE20312912006DDB43 /* Assets.xcassets */,
				05622BB020312912006DDB43 /* LaunchScreen.storyboard */,
				05622BB320312912006DDB43 /* Info.plist */,
				05622BAB20312912006DDB43 /* shop_keep.xcdatamodeld */,
				05622BB920312A3C006DDB43 /* CoreDataStack.swift */,
			);
			path = "shop-keep";
			sourceTree = "<group>";
		};
/* End PBXGroup section */

/* Begin PBXNativeTarget section */
		05622BA020312912006DDB43 /* shop-keep */ = {
			isa = PBXNativeTarget;
			buildConfigurationList = 05622BB620312912006DDB43 /* Build configuration list for PBXNativeTarget "shop-keep" */;
			buildPhases = (
				05622B9D20312912006DDB43 /* Sources */,
				05622B9E20312912006DDB43 /* Frameworks */,
				05622B9F20312912006DDB43 /* Resources */,
			);
			buildRules = (
			);
			dependencies = (
			);
			name = "shop-keep";
			productName = "shop-keep";
			productReference = 05622BA120312912006DDB43 /* shop-keep.app */;
			productType = "com.apple.product-type.application";
		};
/* End PBXNativeTarget section */

/* Begin PBXProject section */
		05622B9920312912006DDB43 /* Project object */ = {
			isa = PBXProject;
			attributes = {
				LastSwiftUpdateCheck = 0920;
				LastUpgradeCheck = 0920;
				ORGANIZATIONNAME = "Eliel Gordon";
				TargetAttributes = {
					05622BA020312912006DDB43 = {
						CreatedOnToolsVersion = 9.2;
						ProvisioningStyle = Automatic;
					};
				};
			};
			buildConfigurationList = 05622B9C20312912006DDB43 /* Build configuration list for PBXProject "shop-keep" */;
			compatibilityVersion = "Xcode 8.0";
			developmentRegion = en;
			hasScannedForEncodings = 0;
			knownRegions = (
				en,
				Base,
			);
			mainGroup = 05622B9820312912006DDB43;
			productRefGroup = 05622BA220312912006DDB43 /* Products */;
			projectDirPath = "";
			projectRoot = "";
			targets = (
				05622BA020312912006DDB43 /* shop-keep */,
			);
		};
/* End PBXProject section */

/* Begin PBXResourcesBuildPhase section */
		05622B9F20312912006DDB43 /* Resources */ = {
			isa = PBXResourcesBuildPhase;
			buildActionMask = 2147483647;
			files = (
				05622BB220312912006DDB43 /* LaunchScreen.storyboard in Resources */,
				05622BAF20312912006DDB43 /* Assets.xcassets in Resources */,
				05622BAA20312912006DDB43 /* Main.storyboard in Resources */,
			);
			runOnlyForDeploymentPostprocessing = 0;
		};
/* End PBXResourcesBuildPhase section */

/* Begin PBXSourcesBuildPhase section */
		05622B9D20312912006DDB43 /* Sources */ = {
			isa = PBXSourcesBuildPhase;
			buildActionMask = 2147483647;
			files = (
				0529E2E82031624E00317728 /* EmployeeViewController.swift in Sources */,
				05622BA720312912006DDB43 /* ShopsViewController.swift in Sources */,
				05622BA520312912006DDB43 /* AppDelegate.swift in Sources */,
				05622BAD20312912006DDB43 /* shop_keep.xcdatamodeld in Sources */,
				05622BBA20312A3C006DDB43 /* CoreDataStack.swift in Sources */,
			);
			runOnlyForDeploymentPostprocessing = 0;
		};
/* End PBXSourcesBuildPhase section */

/* Begin PBXVariantGroup section */
		05622BA820312912006DDB43 /* Main.storyboard */ = {
			isa = PBXVariantGroup;
			children = (
				05622BA920312912006DDB43 /* Base */,
			);
			name = Main.storyboard;
			sourceTree = "<group>";
		};
		05622BB020312912006DDB43 /* LaunchScreen.storyboard */ = {
			isa = PBXVariantGroup;
			children = (
				05622BB120312912006DDB43 /* Base */,
			);
			name = LaunchScreen.storyboard;
			sourceTree = "<group>";
		};
/* End PBXVariantGroup section */

/* Begin XCBuildConfiguration section */
		05622BB420312912006DDB43 /* Debug */ = {
			isa = XCBuildConfiguration;
			buildSettings = {
				ALWAYS_SEARCH_USER_PATHS = NO;
				CLANG_ANALYZER_NONNULL = YES;
				CLANG_ANALYZER_NUMBER_OBJECT_CONVERSION = YES_AGGRESSIVE;
				CLANG_CXX_LANGUAGE_STANDARD = "gnu++14";
				CLANG_CXX_LIBRARY = "libc++";
				CLANG_ENABLE_MODULES = YES;
				CLANG_ENABLE_OBJC_ARC = YES;
				CLANG_WARN_BLOCK_CAPTURE_AUTORELEASING = YES;
				CLANG_WARN_BOOL_CONVERSION = YES;
				CLANG_WARN_COMMA = YES;
				CLANG_WARN_CONSTANT_CONVERSION = YES;
				CLANG_WARN_DIRECT_OBJC_ISA_USAGE = YES_ERROR;
				CLANG_WARN_DOCUMENTATION_COMMENTS = YES;
				CLANG_WARN_EMPTY_BODY = YES;
				CLANG_WARN_ENUM_CONVERSION = YES;
				CLANG_WARN_INFINITE_RECURSION = YES;
				CLANG_WARN_INT_CONVERSION = YES;
				CLANG_WARN_NON_LITERAL_NULL_CONVERSION = YES;
				CLANG_WARN_OBJC_LITERAL_CONVERSION = YES;
				CLANG_WARN_OBJC_ROOT_CLASS = YES_ERROR;
				CLANG_WARN_RANGE_LOOP_ANALYSIS = YES;
				CLANG_WARN_STRICT_PROTOTYPES = YES;
				CLANG_WARN_SUSPICIOUS_MOVE = YES;
				CLANG_WARN_UNGUARDED_AVAILABILITY = YES_AGGRESSIVE;
				CLANG_WARN_UNREACHABLE_CODE = YES;
				CLANG_WARN__DUPLICATE_METHOD_MATCH = YES;
				CODE_SIGN_IDENTITY = "iPhone Developer";
				COPY_PHASE_STRIP = NO;
				DEBUG_INFORMATION_FORMAT = dwarf;
				ENABLE_STRICT_OBJC_MSGSEND = YES;
				ENABLE_TESTABILITY = YES;
				GCC_C_LANGUAGE_STANDARD = gnu11;
				GCC_DYNAMIC_NO_PIC = NO;
				GCC_NO_COMMON_BLOCKS = YES;
				GCC_OPTIMIZATION_LEVEL = 0;
				GCC_PREPROCESSOR_DEFINITIONS = (
					"DEBUG=1",
					"$(inherited)",
				);
				GCC_WARN_64_TO_32_BIT_CONVERSION = YES;
				GCC_WARN_ABOUT_RETURN_TYPE = YES_ERROR;
				GCC_WARN_UNDECLARED_SELECTOR = YES;
				GCC_WARN_UNINITIALIZED_AUTOS = YES_AGGRESSIVE;
				GCC_WARN_UNUSED_FUNCTION = YES;
				GCC_WARN_UNUSED_VARIABLE = YES;
				IPHONEOS_DEPLOYMENT_TARGET = 11.2;
				MTL_ENABLE_DEBUG_INFO = YES;
				ONLY_ACTIVE_ARCH = YES;
				SDKROOT = iphoneos;
				SWIFT_ACTIVE_COMPILATION_CONDITIONS = DEBUG;
				SWIFT_OPTIMIZATION_LEVEL = "-Onone";
			};
			name = Debug;
		};
		05622BB520312912006DDB43 /* Release */ = {
			isa = XCBuildConfiguration;
			buildSettings = {
				ALWAYS_SEARCH_USER_PATHS = NO;
				CLANG_ANALYZER_NONNULL = YES;
				CLANG_ANALYZER_NUMBER_OBJECT_CONVERSION = YES_AGGRESSIVE;
				CLANG_CXX_LANGUAGE_STANDARD = "gnu++14";
				CLANG_CXX_LIBRARY = "libc++";
				CLANG_ENABLE_MODULES = YES;
				CLANG_ENABLE_OBJC_ARC = YES;
				CLANG_WARN_BLOCK_CAPTURE_AUTORELEASING = YES;
				CLANG_WARN_BOOL_CONVERSION = YES;
				CLANG_WARN_COMMA = YES;
				CLANG_WARN_CONSTANT_CONVERSION = YES;
				CLANG_WARN_DIRECT_OBJC_ISA_USAGE = YES_ERROR;
				CLANG_WARN_DOCUMENTATION_COMMENTS = YES;
				CLANG_WARN_EMPTY_BODY = YES;
				CLANG_WARN_ENUM_CONVERSION = YES;
				CLANG_WARN_INFINITE_RECURSION = YES;
				CLANG_WARN_INT_CONVERSION = YES;
				CLANG_WARN_NON_LITERAL_NULL_CONVERSION = YES;
				CLANG_WARN_OBJC_LITERAL_CONVERSION = YES;
				CLANG_WARN_OBJC_ROOT_CLASS = YES_ERROR;
				CLANG_WARN_RANGE_LOOP_ANALYSIS = YES;
				CLANG_WARN_STRICT_PROTOTYPES = YES;
				CLANG_WARN_SUSPICIOUS_MOVE = YES;
				CLANG_WARN_UNGUARDED_AVAILABILITY = YES_AGGRESSIVE;
				CLANG_WARN_UNREACHABLE_CODE = YES;
				CLANG_WARN__DUPLICATE_METHOD_MATCH = YES;
				CODE_SIGN_IDENTITY = "iPhone Developer";
				COPY_PHASE_STRIP = NO;
				DEBUG_INFORMATION_FORMAT = "dwarf-with-dsym";
				ENABLE_NS_ASSERTIONS = NO;
				ENABLE_STRICT_OBJC_MSGSEND = YES;
				GCC_C_LANGUAGE_STANDARD = gnu11;
				GCC_NO_COMMON_BLOCKS = YES;
				GCC_WARN_64_TO_32_BIT_CONVERSION = YES;
				GCC_WARN_ABOUT_RETURN_TYPE = YES_ERROR;
				GCC_WARN_UNDECLARED_SELECTOR = YES;
				GCC_WARN_UNINITIALIZED_AUTOS = YES_AGGRESSIVE;
				GCC_WARN_UNUSED_FUNCTION = YES;
				GCC_WARN_UNUSED_VARIABLE = YES;
				IPHONEOS_DEPLOYMENT_TARGET = 11.2;
				MTL_ENABLE_DEBUG_INFO = NO;
				SDKROOT = iphoneos;
				SWIFT_OPTIMIZATION_LEVEL = "-Owholemodule";
				VALIDATE_PRODUCT = YES;
			};
			name = Release;
		};
		05622BB720312912006DDB43 /* Debug */ = {
			isa = XCBuildConfiguration;
			buildSettings = {
				ASSETCATALOG_COMPILER_APPICON_NAME = AppIcon;
				CODE_SIGN_STYLE = Automatic;
				DEVELOPMENT_TEAM = F7AL96RPTB;
				INFOPLIST_FILE = "shop-keep/Info.plist";
				LD_RUNPATH_SEARCH_PATHS = "$(inherited) @executable_path/Frameworks";
				PRODUCT_BUNDLE_IDENTIFIER = "com.gordoneliel.shop-keep";
				PRODUCT_NAME = "$(TARGET_NAME)";
				SWIFT_VERSION = 4.0;
				TARGETED_DEVICE_FAMILY = "1,2";
			};
			name = Debug;
		};
		05622BB820312912006DDB43 /* Release */ = {
			isa = XCBuildConfiguration;
			buildSettings = {
				ASSETCATALOG_COMPILER_APPICON_NAME = AppIcon;
				CODE_SIGN_STYLE = Automatic;
				DEVELOPMENT_TEAM = F7AL96RPTB;
				INFOPLIST_FILE = "shop-keep/Info.plist";
				LD_RUNPATH_SEARCH_PATHS = "$(inherited) @executable_path/Frameworks";
				PRODUCT_BUNDLE_IDENTIFIER = "com.gordoneliel.shop-keep";
				PRODUCT_NAME = "$(TARGET_NAME)";
				SWIFT_VERSION = 4.0;
				TARGETED_DEVICE_FAMILY = "1,2";
			};
			name = Release;
		};
/* End XCBuildConfiguration section */

/* Begin XCConfigurationList section */
		05622B9C20312912006DDB43 /* Build configuration list for PBXProject "shop-keep" */ = {
			isa = XCConfigurationList;
			buildConfigurations = (
				05622BB420312912006DDB43 /* Debug */,
				05622BB520312912006DDB43 /* Release */,
			);
			defaultConfigurationIsVisible = 0;
			defaultConfigurationName = Release;
		};
		05622BB620312912006DDB43 /* Build configuration list for PBXNativeTarget "shop-keep" */ = {
			isa = XCConfigurationList;
			buildConfigurations = (
				05622BB720312912006DDB43 /* Debug */,
				05622BB820312912006DDB43 /* Release */,
			);
			defaultConfigurationIsVisible = 0;
			defaultConfigurationName = Release;
		};
/* End XCConfigurationList section */

/* Begin XCVersionGroup section */
		05622BAB20312912006DDB43 /* shop_keep.xcdatamodeld */ = {
			isa = XCVersionGroup;
			children = (
				05622BAC20312912006DDB43 /* shop_keep.xcdatamodel */,
			);
			currentVersion = 05622BAC20312912006DDB43 /* shop_keep.xcdatamodel */;
			path = shop_keep.xcdatamodeld;
			sourceTree = "<group>";
			versionGroupType = wrapper.xcdatamodel;
		};
/* End XCVersionGroup section */
	};
	rootObject = 05622B9920312912006DDB43 /* Project object */;
}
