// !$*UTF8*$!
{
	archiveVersion = 1;
	classes = {
	};
	objectVersion = 46;
	objects = {

/* Begin PBXBuildFile section */
		CA5EAEB31E6011DE00B25492 /* AppDelegate.swift in Sources */ = {isa = PBXBuildFile; fileRef = CA5EAEB21E6011DE00B25492 /* AppDelegate.swift */; };
		CA5EAEB51E6011DE00B25492 /* ViewController.swift in Sources */ = {isa = PBXBuildFile; fileRef = CA5EAEB41E6011DE00B25492 /* ViewController.swift */; };
		CA5EAEB81E6011DE00B25492 /* Main.storyboard in Resources */ = {isa = PBXBuildFile; fileRef = CA5EAEB61E6011DE00B25492 /* Main.storyboard */; };
		CA5EAEBA1E6011DE00B25492 /* Assets.xcassets in Resources */ = {isa = PBXBuildFile; fileRef = CA5EAEB91E6011DE00B25492 /* Assets.xcassets */; };
		CA5EAEBD1E6011DE00B25492 /* LaunchScreen.storyboard in Resources */ = {isa = PBXBuildFile; fileRef = CA5EAEBB1E6011DE00B25492 /* LaunchScreen.storyboard */; };
		CA5EAEC51E60152400B25492 /* ImageTableViewCell.swift in Sources */ = {isa = PBXBuildFile; fileRef = CA5EAEC41E60152400B25492 /* ImageTableViewCell.swift */; };
		CA5EAEC71E60227E00B25492 /* Unsplash.swift in Sources */ = {isa = PBXBuildFile; fileRef = CA5EAEC61E60227E00B25492 /* Unsplash.swift */; };
		CA5EAEC91E6023DC00B25492 /* ViewController+Misc.swift in Sources */ = {isa = PBXBuildFile; fileRef = CA5EAEC81E6023DC00B25492 /* ViewController+Misc.swift */; };
/* End PBXBuildFile section */

/* Begin PBXFileReference section */
		CA5EAEAF1E6011DE00B25492 /* GCDAsyncImage.app */ = {isa = PBXFileReference; explicitFileType = wrapper.application; includeInIndex = 0; path = GCDAsyncImage.app; sourceTree = BUILT_PRODUCTS_DIR; };
		CA5EAEB21E6011DE00B25492 /* AppDelegate.swift */ = {isa = PBXFileReference; lastKnownFileType = sourcecode.swift; path = AppDelegate.swift; sourceTree = "<group>"; };
		CA5EAEB41E6011DE00B25492 /* ViewController.swift */ = {isa = PBXFileReference; lastKnownFileType = sourcecode.swift; path = ViewController.swift; sourceTree = "<group>"; };
		CA5EAEB71E6011DE00B25492 /* Base */ = {isa = PBXFileReference; lastKnownFileType = file.storyboard; name = Base; path = Base.lproj/Main.storyboard; sourceTree = "<group>"; };
		CA5EAEB91E6011DE00B25492 /* Assets.xcassets */ = {isa = PBXFileReference; lastKnownFileType = folder.assetcatalog; path = Assets.xcassets; sourceTree = "<group>"; };
		CA5EAEBC1E6011DE00B25492 /* Base */ = {isa = PBXFileReference; lastKnownFileType = file.storyboard; name = Base; path = Base.lproj/LaunchScreen.storyboard; sourceTree = "<group>"; };
		CA5EAEBE1E6011DE00B25492 /* Info.plist */ = {isa = PBXFileReference; lastKnownFileType = text.plist.xml; path = Info.plist; sourceTree = "<group>"; };
		CA5EAEC41E60152400B25492 /* ImageTableViewCell.swift */ = {isa = PBXFileReference; fileEncoding = 4; lastKnownFileType = sourcecode.swift; path = ImageTableViewCell.swift; sourceTree = "<group>"; };
		CA5EAEC61E60227E00B25492 /* Unsplash.swift */ = {isa = PBXFileReference; fileEncoding = 4; lastKnownFileType = sourcecode.swift; path = Unsplash.swift; sourceTree = "<group>"; };
		CA5EAEC81E6023DC00B25492 /* ViewController+Misc.swift */ = {isa = PBXFileReference; fileEncoding = 4; lastKnownFileType = sourcecode.swift; path = "ViewController+Misc.swift"; sourceTree = "<group>"; };
/* End PBXFileReference section */

/* Begin PBXFrameworksBuildPhase section */
		CA5EAEAC1E6011DE00B25492 /* Frameworks */ = {
			isa = PBXFrameworksBuildPhase;
			buildActionMask = 2147483647;
			files = (
			);
			runOnlyForDeploymentPostprocessing = 0;
		};
/* End PBXFrameworksBuildPhase section */

/* Begin PBXGroup section */
		CA5EAEA61E6011DE00B25492 = {
			isa = PBXGroup;
			children = (
				CA5EAEB11E6011DE00B25492 /* GCDAsyncImage */,
				CA5EAEB01E6011DE00B25492 /* Products */,
			);
			sourceTree = "<group>";
		};
		CA5EAEB01E6011DE00B25492 /* Products */ = {
			isa = PBXGroup;
			children = (
				CA5EAEAF1E6011DE00B25492 /* GCDAsyncImage.app */,
			);
			name = Products;
			sourceTree = "<group>";
		};
		CA5EAEB11E6011DE00B25492 /* GCDAsyncImage */ = {
			isa = PBXGroup;
			children = (
				CA5EAEB41E6011DE00B25492 /* ViewController.swift */,
				CA5EAEC41E60152400B25492 /* ImageTableViewCell.swift */,
				CA5EAECA1E6025FE00B25492 /* Supporting Files */,
			);
			path = GCDAsyncImage;
			sourceTree = "<group>";
		};
		CA5EAECA1E6025FE00B25492 /* Supporting Files */ = {
			isa = PBXGroup;
			children = (
				CA5EAEB21E6011DE00B25492 /* AppDelegate.swift */,
				CA5EAEC81E6023DC00B25492 /* ViewController+Misc.swift */,
				CA5EAEC61E60227E00B25492 /* Unsplash.swift */,
				CA5EAEB61E6011DE00B25492 /* Main.storyboard */,
				CA5EAEB91E6011DE00B25492 /* Assets.xcassets */,
				CA5EAEBB1E6011DE00B25492 /* LaunchScreen.storyboard */,
				CA5EAEBE1E6011DE00B25492 /* Info.plist */,
			);
			name = "Supporting Files";
			sourceTree = "<group>";
		};
/* End PBXGroup section */

/* Begin PBXNativeTarget section */
		CA5EAEAE1E6011DE00B25492 /* GCDAsyncImage */ = {
			isa = PBXNativeTarget;
			buildConfigurationList = CA5EAEC11E6011DE00B25492 /* Build configuration list for PBXNativeTarget "GCDAsyncImage" */;
			buildPhases = (
				CA5EAEAB1E6011DE00B25492 /* Sources */,
				CA5EAEAC1E6011DE00B25492 /* Frameworks */,
				CA5EAEAD1E6011DE00B25492 /* Resources */,
			);
			buildRules = (
			);
			dependencies = (
			);
			name = GCDAsyncImage;
			productName = GCDAsyncImage;
			productReference = CA5EAEAF1E6011DE00B25492 /* GCDAsyncImage.app */;
			productType = "com.apple.product-type.application";
		};
/* End PBXNativeTarget section */

/* Begin PBXProject section */
		CA5EAEA71E6011DE00B25492 /* Project object */ = {
			isa = PBXProject;
			attributes = {
				LastSwiftUpdateCheck = 0820;
				LastUpgradeCheck = 0820;
				ORGANIZATIONNAME = "Make School";
				TargetAttributes = {
					CA5EAEAE1E6011DE00B25492 = {
						CreatedOnToolsVersion = 8.2.1;
						DevelopmentTeam = QXSA84SJDA;
						ProvisioningStyle = Automatic;
					};
				};
			};
			buildConfigurationList = CA5EAEAA1E6011DE00B25492 /* Build configuration list for PBXProject "GCDAsyncImage" */;
			compatibilityVersion = "Xcode 3.2";
			developmentRegion = English;
			hasScannedForEncodings = 0;
			knownRegions = (
				en,
				Base,
			);
			mainGroup = CA5EAEA61E6011DE00B25492;
			productRefGroup = CA5EAEB01E6011DE00B25492 /* Products */;
			projectDirPath = "";
			projectRoot = "";
			targets = (
				CA5EAEAE1E6011DE00B25492 /* GCDAsyncImage */,
			);
		};
/* End PBXProject section */

/* Begin PBXResourcesBuildPhase section */
		CA5EAEAD1E6011DE00B25492 /* Resources */ = {
			isa = PBXResourcesBuildPhase;
			buildActionMask = 2147483647;
			files = (
				CA5EAEBD1E6011DE00B25492 /* LaunchScreen.storyboard in Resources */,
				CA5EAEBA1E6011DE00B25492 /* Assets.xcassets in Resources */,
				CA5EAEB81E6011DE00B25492 /* Main.storyboard in Resources */,
			);
			runOnlyForDeploymentPostprocessing = 0;
		};
/* End PBXResourcesBuildPhase section */

/* Begin PBXSourcesBuildPhase section */
		CA5EAEAB1E6011DE00B25492 /* Sources */ = {
			isa = PBXSourcesBuildPhase;
			buildActionMask = 2147483647;
			files = (
				CA5EAEC91E6023DC00B25492 /* ViewController+Misc.swift in Sources */,
				CA5EAEC51E60152400B25492 /* ImageTableViewCell.swift in Sources */,
				CA5EAEB51E6011DE00B25492 /* ViewController.swift in Sources */,
				CA5EAEB31E6011DE00B25492 /* AppDelegate.swift in Sources */,
				CA5EAEC71E60227E00B25492 /* Unsplash.swift in Sources */,
			);
			runOnlyForDeploymentPostprocessing = 0;
		};
/* End PBXSourcesBuildPhase section */

/* Begin PBXVariantGroup section */
		CA5EAEB61E6011DE00B25492 /* Main.storyboard */ = {
			isa = PBXVariantGroup;
			children = (
				CA5EAEB71E6011DE00B25492 /* Base */,
			);
			name = Main.storyboard;
			sourceTree = "<group>";
		};
		CA5EAEBB1E6011DE00B25492 /* LaunchScreen.storyboard */ = {
			isa = PBXVariantGroup;
			children = (
				CA5EAEBC1E6011DE00B25492 /* Base */,
			);
			name = LaunchScreen.storyboard;
			sourceTree = "<group>";
		};
/* End PBXVariantGroup section */

/* Begin XCBuildConfiguration section */
		CA5EAEBF1E6011DE00B25492 /* Debug */ = {
			isa = XCBuildConfiguration;
			buildSettings = {
				ALWAYS_SEARCH_USER_PATHS = NO;
				CLANG_ANALYZER_NONNULL = YES;
				CLANG_CXX_LANGUAGE_STANDARD = "gnu++0x";
				CLANG_CXX_LIBRARY = "libc++";
				CLANG_ENABLE_MODULES = YES;
				CLANG_ENABLE_OBJC_ARC = YES;
				CLANG_WARN_BOOL_CONVERSION = YES;
				CLANG_WARN_CONSTANT_CONVERSION = YES;
				CLANG_WARN_DIRECT_OBJC_ISA_USAGE = YES_ERROR;
				CLANG_WARN_DOCUMENTATION_COMMENTS = YES;
				CLANG_WARN_EMPTY_BODY = YES;
				CLANG_WARN_ENUM_CONVERSION = YES;
				CLANG_WARN_INFINITE_RECURSION = YES;
				CLANG_WARN_INT_CONVERSION = YES;
				CLANG_WARN_OBJC_ROOT_CLASS = YES_ERROR;
				CLANG_WARN_SUSPICIOUS_MOVE = YES;
				CLANG_WARN_UNREACHABLE_CODE = YES;
				CLANG_WARN__DUPLICATE_METHOD_MATCH = YES;
				"CODE_SIGN_IDENTITY[sdk=iphoneos*]" = "iPhone Developer";
				COPY_PHASE_STRIP = NO;
				DEBUG_INFORMATION_FORMAT = dwarf;
				ENABLE_STRICT_OBJC_MSGSEND = YES;
				ENABLE_TESTABILITY = YES;
				GCC_C_LANGUAGE_STANDARD = gnu99;
				GCC_DYNAMIC_NO_PIC = NO;
				GCC_NO_COMMON_BLOCKS = YES;
				GCC_OPTIMIZATION_LEVEL = 0;
				GCC_PREPROCESSOR_DEFINITIONS = (
					"DEBUG=1",
					"$(inherited)",
				);
				GCC_WARN_64_TO_32_BIT_CONVERSION = YES;
				GCC_WARN_ABOUT_RETURN_TYPE = YES_ERROR;
				GCC_WARN_UNDECLARED_SELECTOR = YES;
				GCC_WARN_UNINITIALIZED_AUTOS = YES_AGGRESSIVE;
				GCC_WARN_UNUSED_FUNCTION = YES;
				GCC_WARN_UNUSED_VARIABLE = YES;
				IPHONEOS_DEPLOYMENT_TARGET = 10.2;
				MTL_ENABLE_DEBUG_INFO = YES;
				ONLY_ACTIVE_ARCH = YES;
				SDKROOT = iphoneos;
				SWIFT_ACTIVE_COMPILATION_CONDITIONS = DEBUG;
				SWIFT_OPTIMIZATION_LEVEL = "-Onone";
				TARGETED_DEVICE_FAMILY = "1,2";
			};
			name = Debug;
		};
		CA5EAEC01E6011DE00B25492 /* Release */ = {
			isa = XCBuildConfiguration;
			buildSettings = {
				ALWAYS_SEARCH_USER_PATHS = NO;
				CLANG_ANALYZER_NONNULL = YES;
				CLANG_CXX_LANGUAGE_STANDARD = "gnu++0x";
				CLANG_CXX_LIBRARY = "libc++";
				CLANG_ENABLE_MODULES = YES;
				CLANG_ENABLE_OBJC_ARC = YES;
				CLANG_WARN_BOOL_CONVERSION = YES;
				CLANG_WARN_CONSTANT_CONVERSION = YES;
				CLANG_WARN_DIRECT_OBJC_ISA_USAGE = YES_ERROR;
				CLANG_WARN_DOCUMENTATION_COMMENTS = YES;
				CLANG_WARN_EMPTY_BODY = YES;
				CLANG_WARN_ENUM_CONVERSION = YES;
				CLANG_WARN_INFINITE_RECURSION = YES;
				CLANG_WARN_INT_CONVERSION = YES;
				CLANG_WARN_OBJC_ROOT_CLASS = YES_ERROR;
				CLANG_WARN_SUSPICIOUS_MOVE = YES;
				CLANG_WARN_UNREACHABLE_CODE = YES;
				CLANG_WARN__DUPLICATE_METHOD_MATCH = YES;
				"CODE_SIGN_IDENTITY[sdk=iphoneos*]" = "iPhone Developer";
				COPY_PHASE_STRIP = NO;
				DEBUG_INFORMATION_FORMAT = "dwarf-with-dsym";
				ENABLE_NS_ASSERTIONS = NO;
				ENABLE_STRICT_OBJC_MSGSEND = YES;
				GCC_C_LANGUAGE_STANDARD = gnu99;
				GCC_NO_COMMON_BLOCKS = YES;
				GCC_WARN_64_TO_32_BIT_CONVERSION = YES;
				GCC_WARN_ABOUT_RETURN_TYPE = YES_ERROR;
				GCC_WARN_UNDECLARED_SELECTOR = YES;
				GCC_WARN_UNINITIALIZED_AUTOS = YES_AGGRESSIVE;
				GCC_WARN_UNUSED_FUNCTION = YES;
				GCC_WARN_UNUSED_VARIABLE = YES;
				IPHONEOS_DEPLOYMENT_TARGET = 10.2;
				MTL_ENABLE_DEBUG_INFO = NO;
				SDKROOT = iphoneos;
				SWIFT_OPTIMIZATION_LEVEL = "-Owholemodule";
				TARGETED_DEVICE_FAMILY = "1,2";
				VALIDATE_PRODUCT = YES;
			};
			name = Release;
		};
		CA5EAEC21E6011DE00B25492 /* Debug */ = {
			isa = XCBuildConfiguration;
			buildSettings = {
				ASSETCATALOG_COMPILER_APPICON_NAME = AppIcon;
				DEVELOPMENT_TEAM = QXSA84SJDA;
				INFOPLIST_FILE = GCDAsyncImage/Info.plist;
				LD_RUNPATH_SEARCH_PATHS = "$(inherited) @executable_path/Frameworks";
				PRODUCT_BUNDLE_IDENTIFIER = com.makeschool.GCDAsyncImage;
				PRODUCT_NAME = "$(TARGET_NAME)";
				SWIFT_VERSION = 3.0;
			};
			name = Debug;
		};
		CA5EAEC31E6011DE00B25492 /* Release */ = {
			isa = XCBuildConfiguration;
			buildSettings = {
				ASSETCATALOG_COMPILER_APPICON_NAME = AppIcon;
				DEVELOPMENT_TEAM = QXSA84SJDA;
				INFOPLIST_FILE = GCDAsyncImage/Info.plist;
				LD_RUNPATH_SEARCH_PATHS = "$(inherited) @executable_path/Frameworks";
				PRODUCT_BUNDLE_IDENTIFIER = com.makeschool.GCDAsyncImage;
				PRODUCT_NAME = "$(TARGET_NAME)";
				SWIFT_VERSION = 3.0;
			};
			name = Release;
		};
/* End XCBuildConfiguration section */

/* Begin XCConfigurationList section */
		CA5EAEAA1E6011DE00B25492 /* Build configuration list for PBXProject "GCDAsyncImage" */ = {
			isa = XCConfigurationList;
			buildConfigurations = (
				CA5EAEBF1E6011DE00B25492 /* Debug */,
				CA5EAEC01E6011DE00B25492 /* Release */,
			);
			defaultConfigurationIsVisible = 0;
			defaultConfigurationName = Release;
		};
		CA5EAEC11E6011DE00B25492 /* Build configuration list for PBXNativeTarget "GCDAsyncImage" */ = {
			isa = XCConfigurationList;
			buildConfigurations = (
				CA5EAEC21E6011DE00B25492 /* Debug */,
				CA5EAEC31E6011DE00B25492 /* Release */,
			);
			defaultConfigurationIsVisible = 0;
		};
/* End XCConfigurationList section */
	};
	rootObject = CA5EAEA71E6011DE00B25492 /* Project object */;
}
