// !$*UTF8*$!
{
	archiveVersion = 1;
	classes = {
	};
	objectVersion = 50;
	objects = {

/* Begin PBXBuildFile section */
		2226101A212B768000EA4FAC /* AppDelegate.swift in Sources */ = {isa = PBXBuildFile; fileRef = 22261019212B768000EA4FAC /* AppDelegate.swift */; };
		22261021212B768200EA4FAC /* Assets.xcassets in Resources */ = {isa = PBXBuildFile; fileRef = 22261020212B768200EA4FAC /* Assets.xcassets */; };
		22261024212B768200EA4FAC /* LaunchScreen.storyboard in Resources */ = {isa = PBXBuildFile; fileRef = 22261022212B768200EA4FAC /* LaunchScreen.storyboard */; };
		2226102D212C80B100EA4FAC /* MainViewController.swift in Sources */ = {isa = PBXBuildFile; fileRef = 2226102B212C80B100EA4FAC /* MainViewController.swift */; };
		2226102E212C80B100EA4FAC /* MainViewController.xib in Resources */ = {isa = PBXBuildFile; fileRef = 2226102C212C80B100EA4FAC /* MainViewController.xib */; };
		22261031212C849600EA4FAC /* UIViewControllerExtensions.swift in Sources */ = {isa = PBXBuildFile; fileRef = 22261030212C849600EA4FAC /* UIViewControllerExtensions.swift */; };
		22261034212DEDC400EA4FAC /* AddHabitViewController.swift in Sources */ = {isa = PBXBuildFile; fileRef = 22261032212DEDC400EA4FAC /* AddHabitViewController.swift */; };
		22261035212DEDC400EA4FAC /* AddHabitViewController.xib in Resources */ = {isa = PBXBuildFile; fileRef = 22261033212DEDC400EA4FAC /* AddHabitViewController.xib */; };
		B9FB8EE9212E034300EB03E4 /* HabitTableViewCell.swift in Sources */ = {isa = PBXBuildFile; fileRef = B9FB8EE7212E034300EB03E4 /* HabitTableViewCell.swift */; };
		B9FB8EEA212E034300EB03E4 /* HabitTableViewCell.xib in Resources */ = {isa = PBXBuildFile; fileRef = B9FB8EE8212E034300EB03E4 /* HabitTableViewCell.xib */; };
/* End PBXBuildFile section */

/* Begin PBXFileReference section */
		22261016212B768000EA4FAC /* Habitual.app */ = {isa = PBXFileReference; explicitFileType = wrapper.application; includeInIndex = 0; path = Habitual.app; sourceTree = BUILT_PRODUCTS_DIR; };
		22261019212B768000EA4FAC /* AppDelegate.swift */ = {isa = PBXFileReference; lastKnownFileType = sourcecode.swift; path = AppDelegate.swift; sourceTree = "<group>"; };
		22261020212B768200EA4FAC /* Assets.xcassets */ = {isa = PBXFileReference; lastKnownFileType = folder.assetcatalog; path = Assets.xcassets; sourceTree = "<group>"; };
		22261023212B768200EA4FAC /* Base */ = {isa = PBXFileReference; lastKnownFileType = file.storyboard; name = Base; path = Base.lproj/LaunchScreen.storyboard; sourceTree = "<group>"; };
		22261025212B768200EA4FAC /* Info.plist */ = {isa = PBXFileReference; lastKnownFileType = text.plist.xml; path = Info.plist; sourceTree = "<group>"; };
		2226102B212C80B100EA4FAC /* MainViewController.swift */ = {isa = PBXFileReference; lastKnownFileType = sourcecode.swift; path = MainViewController.swift; sourceTree = "<group>"; };
		2226102C212C80B100EA4FAC /* MainViewController.xib */ = {isa = PBXFileReference; lastKnownFileType = file.xib; path = MainViewController.xib; sourceTree = "<group>"; };
		22261030212C849600EA4FAC /* UIViewControllerExtensions.swift */ = {isa = PBXFileReference; lastKnownFileType = sourcecode.swift; path = UIViewControllerExtensions.swift; sourceTree = "<group>"; };
		22261032212DEDC400EA4FAC /* AddHabitViewController.swift */ = {isa = PBXFileReference; lastKnownFileType = sourcecode.swift; path = AddHabitViewController.swift; sourceTree = "<group>"; };
		22261033212DEDC400EA4FAC /* AddHabitViewController.xib */ = {isa = PBXFileReference; lastKnownFileType = file.xib; path = AddHabitViewController.xib; sourceTree = "<group>"; };
		B9FB8EE7212E034300EB03E4 /* HabitTableViewCell.swift */ = {isa = PBXFileReference; lastKnownFileType = sourcecode.swift; path = HabitTableViewCell.swift; sourceTree = "<group>"; };
		B9FB8EE8212E034300EB03E4 /* HabitTableViewCell.xib */ = {isa = PBXFileReference; lastKnownFileType = file.xib; path = HabitTableViewCell.xib; sourceTree = "<group>"; };
/* End PBXFileReference section */

/* Begin PBXFrameworksBuildPhase section */
		22261013212B768000EA4FAC /* Frameworks */ = {
			isa = PBXFrameworksBuildPhase;
			buildActionMask = 2147483647;
			files = (
			);
			runOnlyForDeploymentPostprocessing = 0;
		};
/* End PBXFrameworksBuildPhase section */

/* Begin PBXGroup section */
		2226100D212B768000EA4FAC = {
			isa = PBXGroup;
			children = (
				22261018212B768000EA4FAC /* Habitual */,
				22261017212B768000EA4FAC /* Products */,
			);
			sourceTree = "<group>";
		};
		22261017212B768000EA4FAC /* Products */ = {
			isa = PBXGroup;
			children = (
				22261016212B768000EA4FAC /* Habitual.app */,
			);
			name = Products;
			sourceTree = "<group>";
		};
		22261018212B768000EA4FAC /* Habitual */ = {
			isa = PBXGroup;
			children = (
				22261019212B768000EA4FAC /* AppDelegate.swift */,
				2226102F212C80C300EA4FAC /* Views */,
				22261020212B768200EA4FAC /* Assets.xcassets */,
				22261022212B768200EA4FAC /* LaunchScreen.storyboard */,
				22261025212B768200EA4FAC /* Info.plist */,
				22261030212C849600EA4FAC /* UIViewControllerExtensions.swift */,
			);
			path = Habitual;
			sourceTree = "<group>";
		};
		2226102F212C80C300EA4FAC /* Views */ = {
			isa = PBXGroup;
			children = (
				22261032212DEDC400EA4FAC /* AddHabitViewController.swift */,
				22261033212DEDC400EA4FAC /* AddHabitViewController.xib */,
				2226102B212C80B100EA4FAC /* MainViewController.swift */,
				2226102C212C80B100EA4FAC /* MainViewController.xib */,
				B9FB8EE7212E034300EB03E4 /* HabitTableViewCell.swift */,
				B9FB8EE8212E034300EB03E4 /* HabitTableViewCell.xib */,
			);
			path = Views;
			sourceTree = "<group>";
		};
/* End PBXGroup section */

/* Begin PBXNativeTarget section */
		22261015212B768000EA4FAC /* Habitual */ = {
			isa = PBXNativeTarget;
			buildConfigurationList = 22261028212B768200EA4FAC /* Build configuration list for PBXNativeTarget "Habitual" */;
			buildPhases = (
				22261012212B768000EA4FAC /* Sources */,
				22261013212B768000EA4FAC /* Frameworks */,
				22261014212B768000EA4FAC /* Resources */,
			);
			buildRules = (
			);
			dependencies = (
			);
			name = Habitual;
			productName = Habitual;
			productReference = 22261016212B768000EA4FAC /* Habitual.app */;
			productType = "com.apple.product-type.application";
		};
/* End PBXNativeTarget section */

/* Begin PBXProject section */
		2226100E212B768000EA4FAC /* Project object */ = {
			isa = PBXProject;
			attributes = {
				LastSwiftUpdateCheck = 0940;
				LastUpgradeCheck = 0940;
				ORGANIZATIONNAME = "Sam Galizia";
				TargetAttributes = {
					22261015212B768000EA4FAC = {
						CreatedOnToolsVersion = 9.4.1;
					};
				};
			};
			buildConfigurationList = 22261011212B768000EA4FAC /* Build configuration list for PBXProject "Habitual" */;
			compatibilityVersion = "Xcode 9.3";
			developmentRegion = en;
			hasScannedForEncodings = 0;
			knownRegions = (
				en,
				Base,
			);
			mainGroup = 2226100D212B768000EA4FAC;
			productRefGroup = 22261017212B768000EA4FAC /* Products */;
			projectDirPath = "";
			projectRoot = "";
			targets = (
				22261015212B768000EA4FAC /* Habitual */,
			);
		};
/* End PBXProject section */

/* Begin PBXResourcesBuildPhase section */
		22261014212B768000EA4FAC /* Resources */ = {
			isa = PBXResourcesBuildPhase;
			buildActionMask = 2147483647;
			files = (
				22261024212B768200EA4FAC /* LaunchScreen.storyboard in Resources */,
				2226102E212C80B100EA4FAC /* MainViewController.xib in Resources */,
				22261021212B768200EA4FAC /* Assets.xcassets in Resources */,
				B9FB8EEA212E034300EB03E4 /* HabitTableViewCell.xib in Resources */,
				22261035212DEDC400EA4FAC /* AddHabitViewController.xib in Resources */,
			);
			runOnlyForDeploymentPostprocessing = 0;
		};
/* End PBXResourcesBuildPhase section */

/* Begin PBXSourcesBuildPhase section */
		22261012212B768000EA4FAC /* Sources */ = {
			isa = PBXSourcesBuildPhase;
			buildActionMask = 2147483647;
			files = (
				2226102D212C80B100EA4FAC /* MainViewController.swift in Sources */,
				22261031212C849600EA4FAC /* UIViewControllerExtensions.swift in Sources */,
				B9FB8EE9212E034300EB03E4 /* HabitTableViewCell.swift in Sources */,
				2226101A212B768000EA4FAC /* AppDelegate.swift in Sources */,
				22261034212DEDC400EA4FAC /* AddHabitViewController.swift in Sources */,
			);
			runOnlyForDeploymentPostprocessing = 0;
		};
/* End PBXSourcesBuildPhase section */

/* Begin PBXVariantGroup section */
		22261022212B768200EA4FAC /* LaunchScreen.storyboard */ = {
			isa = PBXVariantGroup;
			children = (
				22261023212B768200EA4FAC /* Base */,
			);
			name = LaunchScreen.storyboard;
			sourceTree = "<group>";
		};
/* End PBXVariantGroup section */

/* Begin XCBuildConfiguration section */
		22261026212B768200EA4FAC /* Debug */ = {
			isa = XCBuildConfiguration;
			buildSettings = {
				ALWAYS_SEARCH_USER_PATHS = NO;
				CLANG_ANALYZER_NONNULL = YES;
				CLANG_ANALYZER_NUMBER_OBJECT_CONVERSION = YES_AGGRESSIVE;
				CLANG_CXX_LANGUAGE_STANDARD = "gnu++14";
				CLANG_CXX_LIBRARY = "libc++";
				CLANG_ENABLE_MODULES = YES;
				CLANG_ENABLE_OBJC_ARC = YES;
				CLANG_ENABLE_OBJC_WEAK = YES;
				CLANG_WARN_BLOCK_CAPTURE_AUTORELEASING = YES;
				CLANG_WARN_BOOL_CONVERSION = YES;
				CLANG_WARN_COMMA = YES;
				CLANG_WARN_CONSTANT_CONVERSION = YES;
				CLANG_WARN_DEPRECATED_OBJC_IMPLEMENTATIONS = YES;
				CLANG_WARN_DIRECT_OBJC_ISA_USAGE = YES_ERROR;
				CLANG_WARN_DOCUMENTATION_COMMENTS = YES;
				CLANG_WARN_EMPTY_BODY = YES;
				CLANG_WARN_ENUM_CONVERSION = YES;
				CLANG_WARN_INFINITE_RECURSION = YES;
				CLANG_WARN_INT_CONVERSION = YES;
				CLANG_WARN_NON_LITERAL_NULL_CONVERSION = YES;
				CLANG_WARN_OBJC_IMPLICIT_RETAIN_SELF = YES;
				CLANG_WARN_OBJC_LITERAL_CONVERSION = YES;
				CLANG_WARN_OBJC_ROOT_CLASS = YES_ERROR;
				CLANG_WARN_RANGE_LOOP_ANALYSIS = YES;
				CLANG_WARN_STRICT_PROTOTYPES = YES;
				CLANG_WARN_SUSPICIOUS_MOVE = YES;
				CLANG_WARN_UNGUARDED_AVAILABILITY = YES_AGGRESSIVE;
				CLANG_WARN_UNREACHABLE_CODE = YES;
				CLANG_WARN__DUPLICATE_METHOD_MATCH = YES;
				CODE_SIGN_IDENTITY = "iPhone Developer";
				COPY_PHASE_STRIP = NO;
				DEBUG_INFORMATION_FORMAT = dwarf;
				ENABLE_STRICT_OBJC_MSGSEND = YES;
				ENABLE_TESTABILITY = YES;
				GCC_C_LANGUAGE_STANDARD = gnu11;
				GCC_DYNAMIC_NO_PIC = NO;
				GCC_NO_COMMON_BLOCKS = YES;
				GCC_OPTIMIZATION_LEVEL = 0;
				GCC_PREPROCESSOR_DEFINITIONS = (
					"DEBUG=1",
					"$(inherited)",
				);
				GCC_WARN_64_TO_32_BIT_CONVERSION = YES;
				GCC_WARN_ABOUT_RETURN_TYPE = YES_ERROR;
				GCC_WARN_UNDECLARED_SELECTOR = YES;
				GCC_WARN_UNINITIALIZED_AUTOS = YES_AGGRESSIVE;
				GCC_WARN_UNUSED_FUNCTION = YES;
				GCC_WARN_UNUSED_VARIABLE = YES;
				IPHONEOS_DEPLOYMENT_TARGET = 11.4;
				MTL_ENABLE_DEBUG_INFO = YES;
				ONLY_ACTIVE_ARCH = YES;
				SDKROOT = iphoneos;
				SWIFT_ACTIVE_COMPILATION_CONDITIONS = DEBUG;
				SWIFT_OPTIMIZATION_LEVEL = "-Onone";
			};
			name = Debug;
		};
		22261027212B768200EA4FAC /* Release */ = {
			isa = XCBuildConfiguration;
			buildSettings = {
				ALWAYS_SEARCH_USER_PATHS = NO;
				CLANG_ANALYZER_NONNULL = YES;
				CLANG_ANALYZER_NUMBER_OBJECT_CONVERSION = YES_AGGRESSIVE;
				CLANG_CXX_LANGUAGE_STANDARD = "gnu++14";
				CLANG_CXX_LIBRARY = "libc++";
				CLANG_ENABLE_MODULES = YES;
				CLANG_ENABLE_OBJC_ARC = YES;
				CLANG_ENABLE_OBJC_WEAK = YES;
				CLANG_WARN_BLOCK_CAPTURE_AUTORELEASING = YES;
				CLANG_WARN_BOOL_CONVERSION = YES;
				CLANG_WARN_COMMA = YES;
				CLANG_WARN_CONSTANT_CONVERSION = YES;
				CLANG_WARN_DEPRECATED_OBJC_IMPLEMENTATIONS = YES;
				CLANG_WARN_DIRECT_OBJC_ISA_USAGE = YES_ERROR;
				CLANG_WARN_DOCUMENTATION_COMMENTS = YES;
				CLANG_WARN_EMPTY_BODY = YES;
				CLANG_WARN_ENUM_CONVERSION = YES;
				CLANG_WARN_INFINITE_RECURSION = YES;
				CLANG_WARN_INT_CONVERSION = YES;
				CLANG_WARN_NON_LITERAL_NULL_CONVERSION = YES;
				CLANG_WARN_OBJC_IMPLICIT_RETAIN_SELF = YES;
				CLANG_WARN_OBJC_LITERAL_CONVERSION = YES;
				CLANG_WARN_OBJC_ROOT_CLASS = YES_ERROR;
				CLANG_WARN_RANGE_LOOP_ANALYSIS = YES;
				CLANG_WARN_STRICT_PROTOTYPES = YES;
				CLANG_WARN_SUSPICIOUS_MOVE = YES;
				CLANG_WARN_UNGUARDED_AVAILABILITY = YES_AGGRESSIVE;
				CLANG_WARN_UNREACHABLE_CODE = YES;
				CLANG_WARN__DUPLICATE_METHOD_MATCH = YES;
				CODE_SIGN_IDENTITY = "iPhone Developer";
				COPY_PHASE_STRIP = NO;
				DEBUG_INFORMATION_FORMAT = "dwarf-with-dsym";
				ENABLE_NS_ASSERTIONS = NO;
				ENABLE_STRICT_OBJC_MSGSEND = YES;
				GCC_C_LANGUAGE_STANDARD = gnu11;
				GCC_NO_COMMON_BLOCKS = YES;
				GCC_WARN_64_TO_32_BIT_CONVERSION = YES;
				GCC_WARN_ABOUT_RETURN_TYPE = YES_ERROR;
				GCC_WARN_UNDECLARED_SELECTOR = YES;
				GCC_WARN_UNINITIALIZED_AUTOS = YES_AGGRESSIVE;
				GCC_WARN_UNUSED_FUNCTION = YES;
				GCC_WARN_UNUSED_VARIABLE = YES;
				IPHONEOS_DEPLOYMENT_TARGET = 11.4;
				MTL_ENABLE_DEBUG_INFO = NO;
				SDKROOT = iphoneos;
				SWIFT_COMPILATION_MODE = wholemodule;
				SWIFT_OPTIMIZATION_LEVEL = "-O";
				VALIDATE_PRODUCT = YES;
			};
			name = Release;
		};
		22261029212B768200EA4FAC /* Debug */ = {
			isa = XCBuildConfiguration;
			buildSettings = {
				ASSETCATALOG_COMPILER_APPICON_NAME = AppIcon;
				CODE_SIGN_STYLE = Automatic;
				DEVELOPMENT_TEAM = 5J68VQM656;
				INFOPLIST_FILE = Habitual/Info.plist;
				LD_RUNPATH_SEARCH_PATHS = (
					"$(inherited)",
					"@executable_path/Frameworks",
				);
				PRODUCT_BUNDLE_IDENTIFIER = com.samgalizia.Habitual;
				PRODUCT_NAME = "$(TARGET_NAME)";
				SWIFT_VERSION = 4.0;
				TARGETED_DEVICE_FAMILY = 1;
			};
			name = Debug;
		};
		2226102A212B768200EA4FAC /* Release */ = {
			isa = XCBuildConfiguration;
			buildSettings = {
				ASSETCATALOG_COMPILER_APPICON_NAME = AppIcon;
				CODE_SIGN_STYLE = Automatic;
				DEVELOPMENT_TEAM = 5J68VQM656;
				INFOPLIST_FILE = Habitual/Info.plist;
				LD_RUNPATH_SEARCH_PATHS = (
					"$(inherited)",
					"@executable_path/Frameworks",
				);
				PRODUCT_BUNDLE_IDENTIFIER = com.samgalizia.Habitual;
				PRODUCT_NAME = "$(TARGET_NAME)";
				SWIFT_VERSION = 4.0;
				TARGETED_DEVICE_FAMILY = 1;
			};
			name = Release;
		};
/* End XCBuildConfiguration section */

/* Begin XCConfigurationList section */
		22261011212B768000EA4FAC /* Build configuration list for PBXProject "Habitual" */ = {
			isa = XCConfigurationList;
			buildConfigurations = (
				22261026212B768200EA4FAC /* Debug */,
				22261027212B768200EA4FAC /* Release */,
			);
			defaultConfigurationIsVisible = 0;
			defaultConfigurationName = Release;
		};
		22261028212B768200EA4FAC /* Build configuration list for PBXNativeTarget "Habitual" */ = {
			isa = XCConfigurationList;
			buildConfigurations = (
				22261029212B768200EA4FAC /* Debug */,
				2226102A212B768200EA4FAC /* Release */,
			);
			defaultConfigurationIsVisible = 0;
			defaultConfigurationName = Release;
		};
/* End XCConfigurationList section */
	};
	rootObject = 2226100E212B768000EA4FAC /* Project object */;
}
